{
  "originHash" : "d4428a7d97e52c1ab831a51a510db9e6359e33a80a54fba62ff2f3da2e59bbda",
  "pins" : [
    {
      "identity" : "xmlkit",
      "kind" : "remoteSourceControl",
      "location" : "https://github.com/Cocoanetics/XMLKit.git",
      "state" : {
        "revision" : "92f0051ab9f2d570647b8b76f688b53bdfc1bf06",
        "version" : "1.0.1"
      }
    }
  ],
  "version" : 3
}
