// !$*UTF8*$!
{
	archiveVersion = 1;
	classes = {
	};
	objectVersion = 60;
	objects = {

/* Begin PBXAggregateTarget section */
		A7174BC414F288F900C57464 /* Documentation */ = {
			isa = PBXAggregateTarget;
			buildConfigurationList = A7174BC514F288F900C57464 /* Build configuration list for PBXAggregateTarget "Documentation" */;
			buildPhases = (
				A7174BC814F2890900C57464 /* ShellScript */,
			);
			dependencies = (
			);
			name = Documentation;
			productName = Documentation;
		};
/* End PBXAggregateTarget section */

/* Begin PBXBuildFile section */
		1926D78E231E467900F11523 /* DemoWebVideoView.m in Sources */ = {isa = PBXBuildFile; fileRef = 948723B21D4B130000274167 /* DemoWebVideoView.m */; };
		1E36CC5837E5485546C66558 /* DTCoreTextConstants.m in Sources */ = {isa = PBXBuildFile; fileRef = 3F84D45F5222F615024353AE /* DTCoreTextConstants.m */; };
		5AF0E509CE9C6EC97E3007F5 /* AutoLayoutDemoViewController.m in Sources */ = {isa = PBXBuildFile; fileRef = 5AF0E4DB1FBCBA1C165C0959 /* AutoLayoutDemoViewController.m */; };
		5AF0ECFF9BD94137DE0992BA /* AutoLayoutDemoViewController.xib in Resources */ = {isa = PBXBuildFile; fileRef = 5AF0E4D86A6BE8FC798F9702 /* AutoLayoutDemoViewController.xib */; };
		60318EC197EEF736972A6BED /* DemoSceneDelegate.m in Sources */ = {isa = PBXBuildFile; fileRef = E8D8F81F78565D176EA8983D /* DemoSceneDelegate.m */; };
		8AD1CC643460D4FA7AF21E9C /* DTCoreText in Frameworks */ = {isa = PBXBuildFile; productRef = D5ED9FC9383B0026E3E673FB /* DTCoreText */; };
		A72418171678BACE001362C4 /* iOS6.html in Resources */ = {isa = PBXBuildFile; fileRef = A72418161678BACE001362C4 /* iOS6.html */; };
		A72C15C71592FAF70064A67F /* CoreTextIssues.html in Resources */ = {isa = PBXBuildFile; fileRef = A72C15C61592FAF70064A67F /* CoreTextIssues.html */; };
		A730BCD716D29588003B849F /* Languages.html in Resources */ = {isa = PBXBuildFile; fileRef = A730BCD616D29588003B849F /* Languages.html */; };
		A73885A51606E9B2001D60C4 /* EmojiTest.html in Resources */ = {isa = PBXBuildFile; fileRef = A73885A41606E9B2001D60C4 /* EmojiTest.html */; };
		A740368816E51B3A00ECCDE0 /* DemoAboutViewController.m in Sources */ = {isa = PBXBuildFile; fileRef = A740368616E51B3A00ECCDE0 /* DemoAboutViewController.m */; };
		A740368916E51B3A00ECCDE0 /* DemoAboutViewController.xib in Resources */ = {isa = PBXBuildFile; fileRef = A740368716E51B3A00ECCDE0 /* DemoAboutViewController.xib */; };
		A740369116E51C9800ECCDE0 /* About.html in Resources */ = {isa = PBXBuildFile; fileRef = A740369016E51C9800ECCDE0 /* About.html */; };
		A76C23D618353EFE00F54F02 /* Oliver.jpg in Resources */ = {isa = PBXBuildFile; fileRef = A788CA2814863EF100E1AFD9 /* Oliver.jpg */; };
		A76C23D718353F0A00F54F02 /* Oliver@2x.jpg in Resources */ = {isa = PBXBuildFile; fileRef = A76C23B1183535A300F54F02 /* Oliver@2x.jpg */; };
		A788CA3A14863EF100E1AFD9 /* Alignment.html in Resources */ = {isa = PBXBuildFile; fileRef = A788CA1B14863EF100E1AFD9 /* Alignment.html */; };
		A788CA3B14863EF100E1AFD9 /* APOD.html in Resources */ = {isa = PBXBuildFile; fileRef = A788CA1C14863EF100E1AFD9 /* APOD.html */; };
		A788CA3C14863EF100E1AFD9 /* ArabicTest.html in Resources */ = {isa = PBXBuildFile; fileRef = A788CA1D14863EF100E1AFD9 /* ArabicTest.html */; };
		A788CA3E14863EF100E1AFD9 /* CurrentTest.html in Resources */ = {isa = PBXBuildFile; fileRef = A788CA1F14863EF100E1AFD9 /* CurrentTest.html */; };
		A788CA3F14863EF100E1AFD9 /* CustomFont.html in Resources */ = {isa = PBXBuildFile; fileRef = A788CA2014863EF100E1AFD9 /* CustomFont.html */; };
		A788CA4114863EF100E1AFD9 /* Icon.png in Resources */ = {isa = PBXBuildFile; fileRef = A788CA2214863EF100E1AFD9 /* Icon.png */; };
		A788CA4214863EF100E1AFD9 /* Icon@2x.png in Resources */ = {isa = PBXBuildFile; fileRef = A788CA2314863EF100E1AFD9 /* Icon@2x.png */; };
		A788CA4314863EF100E1AFD9 /* icon_smile.gif in Resources */ = {isa = PBXBuildFile; fileRef = A788CA2414863EF100E1AFD9 /* icon_smile.gif */; };
		A788CA4414863EF100E1AFD9 /* Image.html in Resources */ = {isa = PBXBuildFile; fileRef = A788CA2514863EF100E1AFD9 /* Image.html */; };
		A788CA4514863EF100E1AFD9 /* ListTest.html in Resources */ = {isa = PBXBuildFile; fileRef = A788CA2614863EF100E1AFD9 /* ListTest.html */; };
		A788CA4614863EF100E1AFD9 /* LoremIpsum.html in Resources */ = {isa = PBXBuildFile; fileRef = A788CA2714863EF100E1AFD9 /* LoremIpsum.html */; };
		A788CA4814863EF100E1AFD9 /* README.html in Resources */ = {isa = PBXBuildFile; fileRef = A788CA2914863EF100E1AFD9 /* README.html */; };
		A788CA4914863EF100E1AFD9 /* Snippets.plist in Resources */ = {isa = PBXBuildFile; fileRef = A788CA2A14863EF100E1AFD9 /* Snippets.plist */; };
		A788CA4A14863EF100E1AFD9 /* styles.html in Resources */ = {isa = PBXBuildFile; fileRef = A788CA2B14863EF100E1AFD9 /* styles.html */; };
		A788CA4B14863EF100E1AFD9 /* Subviews.html in Resources */ = {isa = PBXBuildFile; fileRef = A788CA2C14863EF100E1AFD9 /* Subviews.html */; };
		A788CA4C14863EF100E1AFD9 /* Video.html in Resources */ = {isa = PBXBuildFile; fileRef = A788CA2D14863EF100E1AFD9 /* Video.html */; };
		A788CA4D14863EF100E1AFD9 /* WarAndPeace.html in Resources */ = {isa = PBXBuildFile; fileRef = A788CA2E14863EF100E1AFD9 /* WarAndPeace.html */; };
		A788CA4E14863EF100E1AFD9 /* XB Niloofar.ttf in Resources */ = {isa = PBXBuildFile; fileRef = A788CA2F14863EF100E1AFD9 /* XB Niloofar.ttf */; };
		A788CA4F14863EF100E1AFD9 /* XB NiloofarBd.ttf in Resources */ = {isa = PBXBuildFile; fileRef = A788CA3014863EF100E1AFD9 /* XB NiloofarBd.ttf */; };
		A788CA5014863EF100E1AFD9 /* CoreTextDemoAppDelegate.m in Sources */ = {isa = PBXBuildFile; fileRef = A788CA3414863EF100E1AFD9 /* CoreTextDemoAppDelegate.m */; };
		A788CA5114863EF100E1AFD9 /* DemoSnippetsViewController.m in Sources */ = {isa = PBXBuildFile; fileRef = A788CA3614863EF100E1AFD9 /* DemoSnippetsViewController.m */; };
		A788CA5214863EF100E1AFD9 /* DemoTextViewController.m in Sources */ = {isa = PBXBuildFile; fileRef = A788CA3814863EF100E1AFD9 /* DemoTextViewController.m */; };
		A788CA5314863EF100E1AFD9 /* main.m in Sources */ = {isa = PBXBuildFile; fileRef = A788CA3914863EF100E1AFD9 /* main.m */; };
		A78C241115073BC50045651E /* TextBoxes.html in Resources */ = {isa = PBXBuildFile; fileRef = A78C241015073BC50045651E /* TextBoxes.html */; };
		A7A95D9514F3F45E002E3F7E /* LineHeight.html in Resources */ = {isa = PBXBuildFile; fileRef = A7A95D9414F3F45E002E3F7E /* LineHeight.html */; };
		A7CF230A16DE1DF7005A4A6E /* AppledocSettings.plist in Resources */ = {isa = PBXBuildFile; fileRef = A7CF230916DE1DF7005A4A6E /* AppledocSettings.plist */; };
		A7CFACA92A59BED200EFA9FA /* Launch.storyboard in Resources */ = {isa = PBXBuildFile; fileRef = A7CFACA72A59BEB000EFA9FA /* Launch.storyboard */; };
		A7D54EA514E003190063E78B /* Objects.html in Resources */ = {isa = PBXBuildFile; fileRef = A7D54EA414E003190063E78B /* Objects.html */; };
		A7EB84FC168ED63A00D686B7 /* FontSizes.html in Resources */ = {isa = PBXBuildFile; fileRef = A7EB84FB168ED63A00D686B7 /* FontSizes.html */; };
		A7F0C4241965A0D600D7FAFB /* simpson20.gif in Resources */ = {isa = PBXBuildFile; fileRef = A7F0C4231965A0D600D7FAFB /* simpson20.gif */; };
		A7FB12C9175F49A400D4B7F0 /* DTCoreTextFontOverrides.plist in Resources */ = {isa = PBXBuildFile; fileRef = A788CA2114863EF100E1AFD9 /* DTCoreTextFontOverrides.plist */; };
		DDCCEB1E17005A4F009FF923 /* css.css in Resources */ = {isa = PBXBuildFile; fileRef = DDCCEB1D17005A4F009FF923 /* css.css */; };
/* End PBXBuildFile section */

/* Begin PBXFileReference section */
		1D6058910D05DD3D006BFB54 /* RTDemoApp.app */ = {isa = PBXFileReference; explicitFileType = wrapper.application; includeInIndex = 0; path = RTDemoApp.app; sourceTree = BUILT_PRODUCTS_DIR; };
		3A4EA5311D475D76009222BF /* NSNumberRomanNumeralsTest.m */ = {isa = PBXFileReference; fileEncoding = 4; lastKnownFileType = sourcecode.c.objc; path = NSNumberRomanNumeralsTest.m; sourceTree = "<group>"; };
		3F84D45F5222F615024353AE /* DTCoreTextConstants.m */ = {isa = PBXFileReference; includeInIndex = 1; lastKnownFileType = sourcecode.c.objc; path = DTCoreTextConstants.m; sourceTree = "<group>"; };
		4FF1B614E4171988019F1664 /* DemoSceneDelegate.h */ = {isa = PBXFileReference; includeInIndex = 1; lastKnownFileType = sourcecode.c.h; path = DemoSceneDelegate.h; sourceTree = "<group>"; };
		5AF0E4D86A6BE8FC798F9702 /* AutoLayoutDemoViewController.xib */ = {isa = PBXFileReference; lastKnownFileType = file.xib; path = AutoLayoutDemoViewController.xib; sourceTree = "<group>"; };
		5AF0E4DB1FBCBA1C165C0959 /* AutoLayoutDemoViewController.m */ = {isa = PBXFileReference; fileEncoding = 4; lastKnownFileType = sourcecode.c.objc; path = AutoLayoutDemoViewController.m; sourceTree = "<group>"; };
		5AF0E909A170F1B0FF3CCC47 /* AutoLayoutDemoViewController.h */ = {isa = PBXFileReference; fileEncoding = 4; lastKnownFileType = sourcecode.c.h; path = AutoLayoutDemoViewController.h; sourceTree = "<group>"; };
		6CB6FB88B4E3855AC461DC5D /* DTCoreTextConstants.h */ = {isa = PBXFileReference; includeInIndex = 1; lastKnownFileType = sourcecode.c.h; path = DTCoreTextConstants.h; sourceTree = "<group>"; };
		944A9E6318B5A7F000E41481 /* DTCSSListStyleTest.m */ = {isa = PBXFileReference; fileEncoding = 4; lastKnownFileType = sourcecode.c.objc; path = DTCSSListStyleTest.m; sourceTree = "<group>"; };
		948723B11D4B130000274167 /* DemoWebVideoView.h */ = {isa = PBXFileReference; lastKnownFileType = sourcecode.c.h; path = DemoWebVideoView.h; sourceTree = "<group>"; };
		948723B21D4B130000274167 /* DemoWebVideoView.m */ = {isa = PBXFileReference; lastKnownFileType = sourcecode.c.objc; path = DemoWebVideoView.m; sourceTree = "<group>"; };
		94D24B961D4AFE7800C7F33C /* DTCoreText.framework */ = {isa = PBXFileReference; explicitFileType = wrapper.framework; includeInIndex = 0; path = DTCoreText.framework; sourceTree = BUILT_PRODUCTS_DIR; };
		9AFC1BB5171724EB002BF23A /* DTHTMLElementTest.h */ = {isa = PBXFileReference; fileEncoding = 4; lastKnownFileType = sourcecode.c.h; path = DTHTMLElementTest.h; sourceTree = "<group>"; };
		9AFC1BB6171724EB002BF23A /* DTHTMLElementTest.m */ = {isa = PBXFileReference; fileEncoding = 4; lastKnownFileType = sourcecode.c.objc; path = DTHTMLElementTest.m; sourceTree = "<group>"; };
		A709184817F2CF200092F436 /* DTCoreTextTestCase.h */ = {isa = PBXFileReference; fileEncoding = 4; lastKnownFileType = sourcecode.c.h; path = DTCoreTextTestCase.h; sourceTree = "<group>"; };
		A709184917F2CF200092F436 /* DTCoreTextTestCase.m */ = {isa = PBXFileReference; fileEncoding = 4; lastKnownFileType = sourcecode.c.objc; path = DTCoreTextTestCase.m; sourceTree = "<group>"; };
		A70B4C9C1486525200873A4A /* LICENSE */ = {isa = PBXFileReference; lastKnownFileType = text; name = LICENSE; path = ../LICENSE; sourceTree = "<group>"; };
		A70B4C9D1486525200873A4A /* Readme.markdown */ = {isa = PBXFileReference; lastKnownFileType = text; name = Readme.markdown; path = ../Readme.markdown; sourceTree = "<group>"; };
		A70D0C3A17DDFFB8005B8846 /* Programming Guide-template.markdown */ = {isa = PBXFileReference; fileEncoding = 4; lastKnownFileType = text; path = "Programming Guide-template.markdown"; sourceTree = "<group>"; };
		A70D37CF16DCE92C003F21C9 /* DTCoreText_Reference.png */ = {isa = PBXFileReference; lastKnownFileType = image.png; path = DTCoreText_Reference.png; sourceTree = "<group>"; };
		A70D37D016DCE92C003F21C9 /* Setup Guide-template.markdown */ = {isa = PBXFileReference; fileEncoding = 4; lastKnownFileType = text; path = "Setup Guide-template.markdown"; sourceTree = "<group>"; };
		A70D37DA16DCEDED003F21C9 /* DTCoreText_Search_Paths.png */ = {isa = PBXFileReference; lastKnownFileType = image.png; path = DTCoreText_Search_Paths.png; sourceTree = "<group>"; };
		A70D37DD16DCF043003F21C9 /* DTCoreText_Linker_Flags.png */ = {isa = PBXFileReference; lastKnownFileType = image.png; path = DTCoreText_Linker_Flags.png; sourceTree = "<group>"; };
		A70D37DF16DCFF07003F21C9 /* Known Issues-template.markdown */ = {isa = PBXFileReference; fileEncoding = 4; lastKnownFileType = text; path = "Known Issues-template.markdown"; sourceTree = "<group>"; };
		A70D37E116DD0574003F21C9 /* DTCoreText_Demo_App.png */ = {isa = PBXFileReference; lastKnownFileType = image.png; path = DTCoreText_Demo_App.png; sourceTree = "<group>"; };
		A70ED6CC17F99BD9008A801A /* NSAttributedStringDTCoreTextTest.h */ = {isa = PBXFileReference; fileEncoding = 4; lastKnownFileType = sourcecode.c.h; path = NSAttributedStringDTCoreTextTest.h; sourceTree = "<group>"; };
		A70ED6CD17F99BD9008A801A /* NSAttributedStringDTCoreTextTest.m */ = {isa = PBXFileReference; fileEncoding = 4; lastKnownFileType = sourcecode.c.objc; path = NSAttributedStringDTCoreTextTest.m; sourceTree = "<group>"; };
		A71B927014E0165000360C30 /* PreWhitespace.html */ = {isa = PBXFileReference; fileEncoding = 4; lastKnownFileType = text.html; path = PreWhitespace.html; sourceTree = "<group>"; };
		A71B927214E016A300360C30 /* PreWhitespace.plist */ = {isa = PBXFileReference; fileEncoding = 4; lastKnownFileType = text.plist.xml; path = PreWhitespace.plist; sourceTree = "<group>"; };
		A72418161678BACE001362C4 /* iOS6.html */ = {isa = PBXFileReference; fileEncoding = 4; lastKnownFileType = text.html; path = iOS6.html; sourceTree = "<group>"; };
		A72C15C61592FAF70064A67F /* CoreTextIssues.html */ = {isa = PBXFileReference; fileEncoding = 4; lastKnownFileType = text.html; path = CoreTextIssues.html; sourceTree = "<group>"; };
		A730BCD616D29588003B849F /* Languages.html */ = {isa = PBXFileReference; fileEncoding = 4; lastKnownFileType = text.html; path = Languages.html; sourceTree = "<group>"; };
		A7343F3217BDF64A00EF9B83 /* CSSCascading.html */ = {isa = PBXFileReference; fileEncoding = 4; lastKnownFileType = text.html; path = CSSCascading.html; sourceTree = "<group>"; };
		A738663F17F8B16200E3CDFC /* DTTextBlockTest.h */ = {isa = PBXFileReference; fileEncoding = 4; lastKnownFileType = sourcecode.c.h; path = DTTextBlockTest.h; sourceTree = "<group>"; };
		A738664017F8B16200E3CDFC /* DTTextBlockTest.m */ = {isa = PBXFileReference; fileEncoding = 4; lastKnownFileType = sourcecode.c.objc; path = DTTextBlockTest.m; sourceTree = "<group>"; };
		A73885A41606E9B2001D60C4 /* EmojiTest.html */ = {isa = PBXFileReference; fileEncoding = 4; lastKnownFileType = text.html; path = EmojiTest.html; sourceTree = "<group>"; };
		A73FC35A1834F5D200ACF490 /* DTCoreTextLayoutFrameTest.m */ = {isa = PBXFileReference; fileEncoding = 4; lastKnownFileType = sourcecode.c.objc; path = DTCoreTextLayoutFrameTest.m; sourceTree = "<group>"; };
		A740368516E51B3A00ECCDE0 /* DemoAboutViewController.h */ = {isa = PBXFileReference; fileEncoding = 4; lastKnownFileType = sourcecode.c.h; path = DemoAboutViewController.h; sourceTree = "<group>"; };
		A740368616E51B3A00ECCDE0 /* DemoAboutViewController.m */ = {isa = PBXFileReference; fileEncoding = 4; lastKnownFileType = sourcecode.c.objc; path = DemoAboutViewController.m; sourceTree = "<group>"; };
		A740368716E51B3A00ECCDE0 /* DemoAboutViewController.xib */ = {isa = PBXFileReference; fileEncoding = 4; lastKnownFileType = file.xib; path = DemoAboutViewController.xib; sourceTree = "<group>"; };
		A740369016E51C9800ECCDE0 /* About.html */ = {isa = PBXFileReference; fileEncoding = 4; lastKnownFileType = text.html; path = About.html; sourceTree = "<group>"; };
		A74C953514DC0C69002B5A45 /* MalformedURL.html */ = {isa = PBXFileReference; fileEncoding = 4; lastKnownFileType = text.html; path = MalformedURL.html; sourceTree = "<group>"; };
		A74C973D14DC5294002B5A45 /* Emoji.html */ = {isa = PBXFileReference; fileEncoding = 4; lastKnownFileType = text.html; path = Emoji.html; sourceTree = "<group>"; };
		A74F6FCB16DB9AF500C12307 /* DTCoreText.podspec */ = {isa = PBXFileReference; lastKnownFileType = text; name = DTCoreText.podspec; path = ../DTCoreText.podspec; sourceTree = "<group>"; };
		A74F6FD416DBA48E00C12307 /* DTCoreTextParagraphStyleTest.h */ = {isa = PBXFileReference; fileEncoding = 4; lastKnownFileType = sourcecode.c.h; path = DTCoreTextParagraphStyleTest.h; sourceTree = "<group>"; };
		A74F6FD516DBA48E00C12307 /* DTCoreTextParagraphStyleTest.m */ = {isa = PBXFileReference; fileEncoding = 4; lastKnownFileType = sourcecode.c.objc; path = DTCoreTextParagraphStyleTest.m; sourceTree = "<group>"; };
		A768BE4617FC547E008834C6 /* NSDictionaryDTCoreText.m */ = {isa = PBXFileReference; fileEncoding = 4; lastKnownFileType = sourcecode.c.objc; path = NSDictionaryDTCoreText.m; sourceTree = "<group>"; };
		A76994F614DBB3DD0047CC8D /* NavTag.html */ = {isa = PBXFileReference; fileEncoding = 4; lastKnownFileType = text.html; path = NavTag.html; sourceTree = "<group>"; };
		A76C23B1183535A300F54F02 /* Oliver@2x.jpg */ = {isa = PBXFileReference; lastKnownFileType = image.jpeg; path = "Oliver@2x.jpg"; sourceTree = "<group>"; };
		A776DBE61716A8EE00E71F36 /* NSStringParagraphTest.h */ = {isa = PBXFileReference; fileEncoding = 4; lastKnownFileType = sourcecode.c.h; path = NSStringParagraphTest.h; sourceTree = "<group>"; };
		A776DBE71716A8EE00E71F36 /* NSStringParagraphTest.m */ = {isa = PBXFileReference; fileEncoding = 4; lastKnownFileType = sourcecode.c.objc; path = NSStringParagraphTest.m; sourceTree = "<group>"; };
		A77A3E401779BF03000B290B /* NSMutableAttributedStringHTMLTest.h */ = {isa = PBXFileReference; fileEncoding = 4; lastKnownFileType = sourcecode.c.h; path = NSMutableAttributedStringHTMLTest.h; sourceTree = "<group>"; };
		A77A3E411779BF03000B290B /* NSMutableAttributedStringHTMLTest.m */ = {isa = PBXFileReference; fileEncoding = 4; lastKnownFileType = sourcecode.c.objc; path = NSMutableAttributedStringHTMLTest.m; sourceTree = "<group>"; };
		A783CE6717D11D0100C84C28 /* CSSOOMCrash.plist */ = {isa = PBXFileReference; fileEncoding = 4; lastKnownFileType = text.plist.xml; path = CSSOOMCrash.plist; sourceTree = "<group>"; };
		A788CA1214863E9D00E1AFD9 /* UnitTest-Info.plist */ = {isa = PBXFileReference; fileEncoding = 4; lastKnownFileType = text.plist.xml; path = "UnitTest-Info.plist"; sourceTree = "<group>"; };
		A788CA1314863E9D00E1AFD9 /* UnitTest-Prefix.pch */ = {isa = PBXFileReference; fileEncoding = 4; lastKnownFileType = sourcecode.c.h; path = "UnitTest-Prefix.pch"; sourceTree = "<group>"; };
		A788CA1B14863EF100E1AFD9 /* Alignment.html */ = {isa = PBXFileReference; fileEncoding = 4; lastKnownFileType = text.html; path = Alignment.html; sourceTree = "<group>"; };
		A788CA1C14863EF100E1AFD9 /* APOD.html */ = {isa = PBXFileReference; fileEncoding = 4; lastKnownFileType = text.html; path = APOD.html; sourceTree = "<group>"; };
		A788CA1D14863EF100E1AFD9 /* ArabicTest.html */ = {isa = PBXFileReference; fileEncoding = 4; lastKnownFileType = text.html; path = ArabicTest.html; sourceTree = "<group>"; };
		A788CA1F14863EF100E1AFD9 /* CurrentTest.html */ = {isa = PBXFileReference; fileEncoding = 4; lastKnownFileType = text.html; path = CurrentTest.html; sourceTree = "<group>"; };
		A788CA2014863EF100E1AFD9 /* CustomFont.html */ = {isa = PBXFileReference; fileEncoding = 4; lastKnownFileType = text.html; path = CustomFont.html; sourceTree = "<group>"; };
		A788CA2114863EF100E1AFD9 /* DTCoreTextFontOverrides.plist */ = {isa = PBXFileReference; fileEncoding = 4; lastKnownFileType = text.plist.xml; path = DTCoreTextFontOverrides.plist; sourceTree = "<group>"; };
		A788CA2214863EF100E1AFD9 /* Icon.png */ = {isa = PBXFileReference; lastKnownFileType = image.png; path = Icon.png; sourceTree = "<group>"; };
		A788CA2314863EF100E1AFD9 /* Icon@2x.png */ = {isa = PBXFileReference; lastKnownFileType = image.png; path = "Icon@2x.png"; sourceTree = "<group>"; };
		A788CA2414863EF100E1AFD9 /* icon_smile.gif */ = {isa = PBXFileReference; lastKnownFileType = image.gif; path = icon_smile.gif; sourceTree = "<group>"; };
		A788CA2514863EF100E1AFD9 /* Image.html */ = {isa = PBXFileReference; fileEncoding = 4; lastKnownFileType = text.html; lineEnding = 0; path = Image.html; sourceTree = "<group>"; xcLanguageSpecificationIdentifier = xcode.lang.html; };
		A788CA2614863EF100E1AFD9 /* ListTest.html */ = {isa = PBXFileReference; fileEncoding = 4; lastKnownFileType = text.html; path = ListTest.html; sourceTree = "<group>"; };
		A788CA2714863EF100E1AFD9 /* LoremIpsum.html */ = {isa = PBXFileReference; fileEncoding = 4; lastKnownFileType = text.html; path = LoremIpsum.html; sourceTree = "<group>"; };
		A788CA2814863EF100E1AFD9 /* Oliver.jpg */ = {isa = PBXFileReference; lastKnownFileType = image.jpeg; path = Oliver.jpg; sourceTree = "<group>"; };
		A788CA2914863EF100E1AFD9 /* README.html */ = {isa = PBXFileReference; fileEncoding = 4; lastKnownFileType = text.html; path = README.html; sourceTree = "<group>"; };
		A788CA2A14863EF100E1AFD9 /* Snippets.plist */ = {isa = PBXFileReference; fileEncoding = 4; lastKnownFileType = text.plist.xml; path = Snippets.plist; sourceTree = "<group>"; };
		A788CA2B14863EF100E1AFD9 /* styles.html */ = {isa = PBXFileReference; fileEncoding = 4; lastKnownFileType = text.html; path = styles.html; sourceTree = "<group>"; };
		A788CA2C14863EF100E1AFD9 /* Subviews.html */ = {isa = PBXFileReference; fileEncoding = 4; lastKnownFileType = text.html; path = Subviews.html; sourceTree = "<group>"; };
		A788CA2D14863EF100E1AFD9 /* Video.html */ = {isa = PBXFileReference; fileEncoding = 4; lastKnownFileType = text.html; path = Video.html; sourceTree = "<group>"; };
		A788CA2E14863EF100E1AFD9 /* WarAndPeace.html */ = {isa = PBXFileReference; fileEncoding = 4; lastKnownFileType = text.html; path = WarAndPeace.html; sourceTree = "<group>"; };
		A788CA2F14863EF100E1AFD9 /* XB Niloofar.ttf */ = {isa = PBXFileReference; lastKnownFileType = file; path = "XB Niloofar.ttf"; sourceTree = "<group>"; };
		A788CA3014863EF100E1AFD9 /* XB NiloofarBd.ttf */ = {isa = PBXFileReference; lastKnownFileType = file; path = "XB NiloofarBd.ttf"; sourceTree = "<group>"; };
		A788CA3314863EF100E1AFD9 /* CoreTextDemoAppDelegate.h */ = {isa = PBXFileReference; fileEncoding = 4; lastKnownFileType = sourcecode.c.h; path = CoreTextDemoAppDelegate.h; sourceTree = "<group>"; };
		A788CA3414863EF100E1AFD9 /* CoreTextDemoAppDelegate.m */ = {isa = PBXFileReference; fileEncoding = 4; lastKnownFileType = sourcecode.c.objc; path = CoreTextDemoAppDelegate.m; sourceTree = "<group>"; };
		A788CA3514863EF100E1AFD9 /* DemoSnippetsViewController.h */ = {isa = PBXFileReference; fileEncoding = 4; lastKnownFileType = sourcecode.c.h; path = DemoSnippetsViewController.h; sourceTree = "<group>"; };
		A788CA3614863EF100E1AFD9 /* DemoSnippetsViewController.m */ = {isa = PBXFileReference; fileEncoding = 4; lastKnownFileType = sourcecode.c.objc; lineEnding = 0; path = DemoSnippetsViewController.m; sourceTree = "<group>"; xcLanguageSpecificationIdentifier = xcode.lang.objc; };
		A788CA3714863EF100E1AFD9 /* DemoTextViewController.h */ = {isa = PBXFileReference; fileEncoding = 4; lastKnownFileType = sourcecode.c.h; path = DemoTextViewController.h; sourceTree = "<group>"; };
		A788CA3814863EF100E1AFD9 /* DemoTextViewController.m */ = {isa = PBXFileReference; fileEncoding = 4; lastKnownFileType = sourcecode.c.objc; lineEnding = 0; path = DemoTextViewController.m; sourceTree = "<group>"; };
		A788CA3914863EF100E1AFD9 /* main.m */ = {isa = PBXFileReference; fileEncoding = 4; lastKnownFileType = sourcecode.c.objc; path = main.m; sourceTree = "<group>"; };
		A788CA5414863F6400E1AFD9 /* DemoApp-Info.plist */ = {isa = PBXFileReference; fileEncoding = 4; lastKnownFileType = text.plist.xml; path = "DemoApp-Info.plist"; sourceTree = "<group>"; };
		A788CA5514863F6400E1AFD9 /* DemoApp-Prefix.pch */ = {isa = PBXFileReference; fileEncoding = 4; lastKnownFileType = sourcecode.c.h; path = "DemoApp-Prefix.pch"; sourceTree = "<group>"; };
		A788CA681486456100E1AFD9 /* UnitTest.xctest */ = {isa = PBXFileReference; explicitFileType = wrapper.cfbundle; includeInIndex = 0; path = UnitTest.xctest; sourceTree = BUILT_PRODUCTS_DIR; };
		A78C241015073BC50045651E /* TextBoxes.html */ = {isa = PBXFileReference; fileEncoding = 4; lastKnownFileType = text.html; path = TextBoxes.html; sourceTree = "<group>"; };
		A78D9F781965B7DD00C80986 /* MacUnitTest.xctest */ = {isa = PBXFileReference; explicitFileType = wrapper.cfbundle; includeInIndex = 0; path = MacUnitTest.xctest; sourceTree = BUILT_PRODUCTS_DIR; };
		A7949A6D14CC45B400A8CCDE /* MacUnitTest-Info.plist */ = {isa = PBXFileReference; fileEncoding = 4; lastKnownFileType = text.plist.xml; path = "MacUnitTest-Info.plist"; sourceTree = "<group>"; };
		A7949A6E14CC45B500A8CCDE /* MacUnitTest-Prefix.pch */ = {isa = PBXFileReference; fileEncoding = 4; lastKnownFileType = sourcecode.c.h; path = "MacUnitTest-Prefix.pch"; sourceTree = "<group>"; };
		A7985E0B178ECD86005D40B2 /* DTHTMLWriterTest.m */ = {isa = PBXFileReference; fileEncoding = 4; lastKnownFileType = sourcecode.c.objc; path = DTHTMLWriterTest.m; sourceTree = "<group>"; };
		A7985E0C178ECD86005D40B2 /* DTHTMLWriterTest.h */ = {isa = PBXFileReference; fileEncoding = 4; lastKnownFileType = sourcecode.c.h; path = DTHTMLWriterTest.h; sourceTree = "<group>"; };
		A79BA6201B46A1FB0086C2F6 /* DTCoreText.framework */ = {isa = PBXFileReference; explicitFileType = wrapper.framework; includeInIndex = 0; path = DTCoreText.framework; sourceTree = BUILT_PRODUCTS_DIR; };
		A7A95D9414F3F45E002E3F7E /* LineHeight.html */ = {isa = PBXFileReference; fileEncoding = 4; lastKnownFileType = text.html; path = LineHeight.html; sourceTree = "<group>"; };
		A7B14E20183628EE0007CF27 /* DTCoreTextFontDescriptorTest.m */ = {isa = PBXFileReference; fileEncoding = 4; lastKnownFileType = sourcecode.c.objc; path = DTCoreTextFontDescriptorTest.m; sourceTree = "<group>"; };
		A7C7ACEC14DA62BA005A9C69 /* CustomFont.plist */ = {isa = PBXFileReference; fileEncoding = 4; lastKnownFileType = text.plist.xml; path = CustomFont.plist; sourceTree = "<group>"; };
		A7C7ACED14DA62BA005A9C69 /* Empty_and_Unclosed_Paragraphs.html */ = {isa = PBXFileReference; fileEncoding = 4; lastKnownFileType = text.html; path = Empty_and_Unclosed_Paragraphs.html; sourceTree = "<group>"; };
		A7C7ACEE14DA62BA005A9C69 /* WarAndPeace.plist */ = {isa = PBXFileReference; fileEncoding = 4; lastKnownFileType = text.plist.xml; path = WarAndPeace.plist; sourceTree = "<group>"; };
		A7C7AD0214DA6EB2005A9C69 /* Video.plist */ = {isa = PBXFileReference; fileEncoding = 4; lastKnownFileType = text.plist.xml; path = Video.plist; sourceTree = "<group>"; };
		A7C7AD0414DA782D005A9C69 /* ListTest.plist */ = {isa = PBXFileReference; fileEncoding = 4; lastKnownFileType = text.plist.xml; path = ListTest.plist; sourceTree = "<group>"; };
		A7C7AD0614DA7C17005A9C69 /* MacUnitTest.h */ = {isa = PBXFileReference; fileEncoding = 4; lastKnownFileType = sourcecode.c.h; path = MacUnitTest.h; sourceTree = "<group>"; };
		A7C7AD0714DA7C17005A9C69 /* MacUnitTest.m */ = {isa = PBXFileReference; fileEncoding = 4; lastKnownFileType = sourcecode.c.objc; path = MacUnitTest.m; sourceTree = "<group>"; };
		A7C7AD0914DA7C2B005A9C69 /* NSAttributedStringHTMLTest.h */ = {isa = PBXFileReference; fileEncoding = 4; lastKnownFileType = sourcecode.c.h; path = NSAttributedStringHTMLTest.h; sourceTree = "<group>"; };
		A7C7AD0A14DA7C2B005A9C69 /* NSAttributedStringHTMLTest.m */ = {isa = PBXFileReference; fileEncoding = 4; lastKnownFileType = sourcecode.c.objc; path = NSAttributedStringHTMLTest.m; sourceTree = "<group>"; };
		A7C7AD0B14DA7C2C005A9C69 /* NSStringHTMLTest.h */ = {isa = PBXFileReference; fileEncoding = 4; lastKnownFileType = sourcecode.c.h; path = NSStringHTMLTest.h; sourceTree = "<group>"; };
		A7C7AD0C14DA7C2C005A9C69 /* NSStringHTMLTest.m */ = {isa = PBXFileReference; fileEncoding = 4; lastKnownFileType = sourcecode.c.objc; path = NSStringHTMLTest.m; sourceTree = "<group>"; };
		A7C7AD0D14DA7C2C005A9C69 /* UIColorHTMLTest.h */ = {isa = PBXFileReference; fileEncoding = 4; lastKnownFileType = sourcecode.c.h; path = UIColorHTMLTest.h; sourceTree = "<group>"; };
		A7C7AD0E14DA7C2C005A9C69 /* UIColorHTMLTest.m */ = {isa = PBXFileReference; fileEncoding = 4; lastKnownFileType = sourcecode.c.objc; path = UIColorHTMLTest.m; sourceTree = "<group>"; };
		A7CC84C7252E1ABD0056BC22 /*  */ = {isa = PBXFileReference; lastKnownFileType = folder; name = ""; sourceTree = SOURCE_ROOT; };
		A7CF230916DE1DF7005A4A6E /* AppledocSettings.plist */ = {isa = PBXFileReference; fileEncoding = 4; lastKnownFileType = text.plist.xml; name = AppledocSettings.plist; path = ../AppledocSettings.plist; sourceTree = "<group>"; };
		A7CFACA72A59BEB000EFA9FA /* Launch.storyboard */ = {isa = PBXFileReference; fileEncoding = 4; lastKnownFileType = file.storyboard; path = Launch.storyboard; sourceTree = "<group>"; };
		A7D54EA414E003190063E78B /* Objects.html */ = {isa = PBXFileReference; fileEncoding = 4; lastKnownFileType = text.html; path = Objects.html; sourceTree = "<group>"; };
		A7DBC1A91689B846003F1D38 /* ListItemBulletColorAndFont.html */ = {isa = PBXFileReference; fileEncoding = 4; lastKnownFileType = text.html; path = ListItemBulletColorAndFont.html; sourceTree = "<group>"; };
		A7DBC1B21689B989003F1D38 /* SpaceBetweenUnderlines.html */ = {isa = PBXFileReference; fileEncoding = 4; lastKnownFileType = text.html; path = SpaceBetweenUnderlines.html; sourceTree = "<group>"; };
		A7DBC1B51689BA20003F1D38 /* DTHTMLAttributedStringBuilderTest.h */ = {isa = PBXFileReference; fileEncoding = 4; lastKnownFileType = sourcecode.c.h; path = DTHTMLAttributedStringBuilderTest.h; sourceTree = "<group>"; };
		A7DBC1B61689BA20003F1D38 /* DTHTMLAttributedStringBuilderTest.m */ = {isa = PBXFileReference; fileEncoding = 4; lastKnownFileType = sourcecode.c.objc; path = DTHTMLAttributedStringBuilderTest.m; sourceTree = "<group>"; };
		A7DDDCA419F1615500EAE9BA /* RetinaDataURL.html */ = {isa = PBXFileReference; fileEncoding = 4; lastKnownFileType = text.html; path = RetinaDataURL.html; sourceTree = "<group>"; };
		A7DDDCBA19F166B700EAE9BA /* NavTag.plist */ = {isa = PBXFileReference; fileEncoding = 4; lastKnownFileType = text.plist.xml; path = NavTag.plist; sourceTree = "<group>"; };
		A7DDDCBC19F166F600EAE9BA /* CSSCascading.plist */ = {isa = PBXFileReference; fileEncoding = 4; lastKnownFileType = text.plist.xml; path = CSSCascading.plist; sourceTree = "<group>"; };
		A7E3346C16837482002EFCBE /* DTCSSStylesheetTest.h */ = {isa = PBXFileReference; fileEncoding = 4; lastKnownFileType = sourcecode.c.h; path = DTCSSStylesheetTest.h; sourceTree = "<group>"; };
		A7E3346D16837482002EFCBE /* DTCSSStylesheetTest.m */ = {isa = PBXFileReference; fileEncoding = 4; lastKnownFileType = sourcecode.c.objc; path = DTCSSStylesheetTest.m; sourceTree = "<group>"; };
		A7E3A5C5169360E5007A526B /* KeepMeTogether.html */ = {isa = PBXFileReference; fileEncoding = 4; lastKnownFileType = text.html; path = KeepMeTogether.html; sourceTree = "<group>"; };
		A7E3A5CB169443B6007A526B /* AppleConverted.html */ = {isa = PBXFileReference; fileEncoding = 4; lastKnownFileType = text.html; path = AppleConverted.html; sourceTree = "<group>"; };
		A7E8E1D316D22B7E001EDE51 /* EmptyLinesAndFontAttribute.html */ = {isa = PBXFileReference; fileEncoding = 4; lastKnownFileType = text.html; path = EmptyLinesAndFontAttribute.html; sourceTree = "<group>"; };
		A7EB84FB168ED63A00D686B7 /* FontSizes.html */ = {isa = PBXFileReference; fileEncoding = 4; lastKnownFileType = text.html; path = FontSizes.html; sourceTree = "<group>"; };
		A7EB8542169065F200D686B7 /* WhitespaceFollowingImagePromotedToParagraph.html */ = {isa = PBXFileReference; fileEncoding = 4; lastKnownFileType = text.html; path = WhitespaceFollowingImagePromotedToParagraph.html; sourceTree = "<group>"; };
		A7F0C4231965A0D600D7FAFB /* simpson20.gif */ = {isa = PBXFileReference; lastKnownFileType = image.gif; name = simpson20.gif; path = Externals/DTFoundation/Demo/DTAnimatedGIF/Resources/simpson20.gif; sourceTree = SOURCE_ROOT; };
		A7F16CF41698491400B0E843 /* NSStringCSSTest.h */ = {isa = PBXFileReference; fileEncoding = 4; lastKnownFileType = sourcecode.c.h; path = NSStringCSSTest.h; sourceTree = "<group>"; };
		A7F16CF51698491400B0E843 /* NSStringCSSTest.m */ = {isa = PBXFileReference; fileEncoding = 4; lastKnownFileType = sourcecode.c.objc; path = NSStringCSSTest.m; sourceTree = "<group>"; };
		A7F34D3F16CFC7C90054A512 /* RTL.html */ = {isa = PBXFileReference; fileEncoding = 4; lastKnownFileType = text.html; path = RTL.html; sourceTree = "<group>"; };
		C2CDBADA17CCD245000E4AD7 /* CSSOOMCrash.html */ = {isa = PBXFileReference; fileEncoding = 4; lastKnownFileType = text.html; path = CSSOOMCrash.html; sourceTree = "<group>"; };
		DDCCEB1D17005A4F009FF923 /* css.css */ = {isa = PBXFileReference; fileEncoding = 4; lastKnownFileType = text.css; path = css.css; sourceTree = "<group>"; };
		E2262DC61638331500BFDAD7 /* DTCoreText.framework */ = {isa = PBXFileReference; explicitFileType = wrapper.framework; includeInIndex = 0; path = DTCoreText.framework; sourceTree = BUILT_PRODUCTS_DIR; };
		E8D8F81F78565D176EA8983D /* DemoSceneDelegate.m */ = {isa = PBXFileReference; includeInIndex = 1; lastKnownFileType = sourcecode.c.objc; path = DemoSceneDelegate.m; sourceTree = "<group>"; };
/* End PBXFileReference section */

/* Begin PBXFrameworksBuildPhase section */
		1D60588F0D05DD3D006BFB54 /* Frameworks */ = {
			isa = PBXFrameworksBuildPhase;
			buildActionMask = 2147483647;
			files = (
				8AD1CC643460D4FA7AF21E9C /* DTCoreText in Frameworks */,
			);
			runOnlyForDeploymentPostprocessing = 0;
		};
/* End PBXFrameworksBuildPhase section */

/* Begin PBXGroup section */
		19C28FACFE9D520D11CA2CBB /* Products */ = {
			isa = PBXGroup;
			children = (
				1D6058910D05DD3D006BFB54 /* RTDemoApp.app */,
				A788CA681486456100E1AFD9 /* UnitTest.xctest */,
				E2262DC61638331500BFDAD7 /* DTCoreText.framework */,
				A78D9F781965B7DD00C80986 /* MacUnitTest.xctest */,
				A79BA6201B46A1FB0086C2F6 /* DTCoreText.framework */,
				94D24B961D4AFE7800C7F33C /* DTCoreText.framework */,
			);
			name = Products;
			path = ../..;
			sourceTree = BUILT_PRODUCTS_DIR;
		};
		29B97314FDCFA39411CA2CEA /* CustomTemplate */ = {
			isa = PBXGroup;
			children = (
				A7CC84C7252E1ABD0056BC22 /*  */,
				A7342FF512DC343B00044B3C /* Demo */,
				A788CA1114863E9D00E1AFD9 /* Test */,
				A70D37CE16DCE92C003F21C9 /* Documentation */,
				19C28FACFE9D520D11CA2CBB /* Products */,
			);
			name = CustomTemplate;
			sourceTree = "<group>";
			usesTabs = 1;
		};
		A70D37CE16DCE92C003F21C9 /* Documentation */ = {
			isa = PBXGroup;
			children = (
				A70D37DE16DCFD89003F21C9 /* Guides */,
				A7CF230916DE1DF7005A4A6E /* AppledocSettings.plist */,
				A74F6FCB16DB9AF500C12307 /* DTCoreText.podspec */,
				A70B4C9C1486525200873A4A /* LICENSE */,
				A70B4C9D1486525200873A4A /* Readme.markdown */,
			);
			path = Documentation;
			sourceTree = "<group>";
		};
		A70D37DE16DCFD89003F21C9 /* Guides */ = {
			isa = PBXGroup;
			children = (
				A70D37E116DD0574003F21C9 /* DTCoreText_Demo_App.png */,
				A70D37DD16DCF043003F21C9 /* DTCoreText_Linker_Flags.png */,
				A70D37DA16DCEDED003F21C9 /* DTCoreText_Search_Paths.png */,
				A70D37CF16DCE92C003F21C9 /* DTCoreText_Reference.png */,
				A70D37D016DCE92C003F21C9 /* Setup Guide-template.markdown */,
				A70D37DF16DCFF07003F21C9 /* Known Issues-template.markdown */,
				A70D0C3A17DDFFB8005B8846 /* Programming Guide-template.markdown */,
			);
			name = Guides;
			sourceTree = "<group>";
		};
		A7342FF512DC343B00044B3C /* Demo */ = {
			isa = PBXGroup;
			children = (
				A788CA5414863F6400E1AFD9 /* DemoApp-Info.plist */,
				A788CA5514863F6400E1AFD9 /* DemoApp-Prefix.pch */,
				A788CA3114863EF100E1AFD9 /* Source */,
				A788CA1A14863EF100E1AFD9 /* Resources */,
			);
			path = Demo;
			sourceTree = SOURCE_ROOT;
		};
		A788CA1114863E9D00E1AFD9 /* Test */ = {
			isa = PBXGroup;
			children = (
				A7949A6D14CC45B400A8CCDE /* MacUnitTest-Info.plist */,
				A7949A6E14CC45B500A8CCDE /* MacUnitTest-Prefix.pch */,
				A788CA1214863E9D00E1AFD9 /* UnitTest-Info.plist */,
				A788CA1314863E9D00E1AFD9 /* UnitTest-Prefix.pch */,
				A7C7ACF814DA68CE005A9C69 /* Source */,
				A7C7ACEB14DA62BA005A9C69 /* Resources */,
			);
			path = Test;
			sourceTree = "<group>";
		};
		A788CA1A14863EF100E1AFD9 /* Resources */ = {
			isa = PBXGroup;
			children = (
				A7CFACA72A59BEB000EFA9FA /* Launch.storyboard */,
				A788CA2A14863EF100E1AFD9 /* Snippets.plist */,
				A788CA1B14863EF100E1AFD9 /* Alignment.html */,
				A788CA1C14863EF100E1AFD9 /* APOD.html */,
				A788CA1D14863EF100E1AFD9 /* ArabicTest.html */,
				A788CA1F14863EF100E1AFD9 /* CurrentTest.html */,
				A788CA2014863EF100E1AFD9 /* CustomFont.html */,
				A788CA2114863EF100E1AFD9 /* DTCoreTextFontOverrides.plist */,
				A7EB84FB168ED63A00D686B7 /* FontSizes.html */,
				A788CA2214863EF100E1AFD9 /* Icon.png */,
				A788CA2314863EF100E1AFD9 /* Icon@2x.png */,
				A788CA2414863EF100E1AFD9 /* icon_smile.gif */,
				A72418161678BACE001362C4 /* iOS6.html */,
				A788CA2514863EF100E1AFD9 /* Image.html */,
				A788CA2614863EF100E1AFD9 /* ListTest.html */,
				A788CA2714863EF100E1AFD9 /* LoremIpsum.html */,
				A7F0C4231965A0D600D7FAFB /* simpson20.gif */,
				A788CA2814863EF100E1AFD9 /* Oliver.jpg */,
				A76C23B1183535A300F54F02 /* Oliver@2x.jpg */,
				A788CA2914863EF100E1AFD9 /* README.html */,
				A788CA2B14863EF100E1AFD9 /* styles.html */,
				A788CA2C14863EF100E1AFD9 /* Subviews.html */,
				A788CA2D14863EF100E1AFD9 /* Video.html */,
				A788CA2E14863EF100E1AFD9 /* WarAndPeace.html */,
				A788CA2F14863EF100E1AFD9 /* XB Niloofar.ttf */,
				A788CA3014863EF100E1AFD9 /* XB NiloofarBd.ttf */,
				A7D54EA414E003190063E78B /* Objects.html */,
				A7A95D9414F3F45E002E3F7E /* LineHeight.html */,
				A78C241015073BC50045651E /* TextBoxes.html */,
				A72C15C61592FAF70064A67F /* CoreTextIssues.html */,
				A73885A41606E9B2001D60C4 /* EmojiTest.html */,
				A730BCD616D29588003B849F /* Languages.html */,
				A740369016E51C9800ECCDE0 /* About.html */,
				DDCCEB1D17005A4F009FF923 /* css.css */,
			);
			path = Resources;
			sourceTree = "<group>";
		};
		A788CA3114863EF100E1AFD9 /* Source */ = {
			isa = PBXGroup;
			children = (
				A788CA3314863EF100E1AFD9 /* CoreTextDemoAppDelegate.h */,
				A788CA3414863EF100E1AFD9 /* CoreTextDemoAppDelegate.m */,
				A788CA3514863EF100E1AFD9 /* DemoSnippetsViewController.h */,
				A788CA3614863EF100E1AFD9 /* DemoSnippetsViewController.m */,
				A788CA3714863EF100E1AFD9 /* DemoTextViewController.h */,
				A788CA3814863EF100E1AFD9 /* DemoTextViewController.m */,
				A788CA3914863EF100E1AFD9 /* main.m */,
				A740368516E51B3A00ECCDE0 /* DemoAboutViewController.h */,
				A740368616E51B3A00ECCDE0 /* DemoAboutViewController.m */,
				A740368716E51B3A00ECCDE0 /* DemoAboutViewController.xib */,
				5AF0E4DB1FBCBA1C165C0959 /* AutoLayoutDemoViewController.m */,
				5AF0E909A170F1B0FF3CCC47 /* AutoLayoutDemoViewController.h */,
				5AF0E4D86A6BE8FC798F9702 /* AutoLayoutDemoViewController.xib */,
				948723B11D4B130000274167 /* DemoWebVideoView.h */,
				948723B21D4B130000274167 /* DemoWebVideoView.m */,
				6CB6FB88B4E3855AC461DC5D /* DTCoreTextConstants.h */,
				3F84D45F5222F615024353AE /* DTCoreTextConstants.m */,
				4FF1B614E4171988019F1664 /* DemoSceneDelegate.h */,
				E8D8F81F78565D176EA8983D /* DemoSceneDelegate.m */,
			);
			path = Source;
			sourceTree = "<group>";
		};
		A7C7ACEB14DA62BA005A9C69 /* Resources */ = {
			isa = PBXGroup;
			children = (
				A7DDDCA419F1615500EAE9BA /* RetinaDataURL.html */,
				A7C7ACEC14DA62BA005A9C69 /* CustomFont.plist */,
				A7C7ACED14DA62BA005A9C69 /* Empty_and_Unclosed_Paragraphs.html */,
				A7C7AD0414DA782D005A9C69 /* ListTest.plist */,
				A7C7AD0214DA6EB2005A9C69 /* Video.plist */,
				A7C7ACEE14DA62BA005A9C69 /* WarAndPeace.plist */,
				A76994F614DBB3DD0047CC8D /* NavTag.html */,
				A7DDDCBA19F166B700EAE9BA /* NavTag.plist */,
				A74C953514DC0C69002B5A45 /* MalformedURL.html */,
				A74C973D14DC5294002B5A45 /* Emoji.html */,
				A71B927014E0165000360C30 /* PreWhitespace.html */,
				A71B927214E016A300360C30 /* PreWhitespace.plist */,
				A7DBC1A91689B846003F1D38 /* ListItemBulletColorAndFont.html */,
				A7DBC1B21689B989003F1D38 /* SpaceBetweenUnderlines.html */,
				A7EB8542169065F200D686B7 /* WhitespaceFollowingImagePromotedToParagraph.html */,
				A7E3A5C5169360E5007A526B /* KeepMeTogether.html */,
				A7E3A5CB169443B6007A526B /* AppleConverted.html */,
				A7F34D3F16CFC7C90054A512 /* RTL.html */,
				A7E8E1D316D22B7E001EDE51 /* EmptyLinesAndFontAttribute.html */,
				A7343F3217BDF64A00EF9B83 /* CSSCascading.html */,
				A7DDDCBC19F166F600EAE9BA /* CSSCascading.plist */,
				C2CDBADA17CCD245000E4AD7 /* CSSOOMCrash.html */,
				A783CE6717D11D0100C84C28 /* CSSOOMCrash.plist */,
			);
			path = Resources;
			sourceTree = "<group>";
		};
		A7C7ACF814DA68CE005A9C69 /* Source */ = {
			isa = PBXGroup;
			children = (
				A73FC35A1834F5D200ACF490 /* DTCoreTextLayoutFrameTest.m */,
				A74F6FD416DBA48E00C12307 /* DTCoreTextParagraphStyleTest.h */,
				A74F6FD516DBA48E00C12307 /* DTCoreTextParagraphStyleTest.m */,
				A709184817F2CF200092F436 /* DTCoreTextTestCase.h */,
				A709184917F2CF200092F436 /* DTCoreTextTestCase.m */,
				A7E3346C16837482002EFCBE /* DTCSSStylesheetTest.h */,
				A7E3346D16837482002EFCBE /* DTCSSStylesheetTest.m */,
				A7DBC1B51689BA20003F1D38 /* DTHTMLAttributedStringBuilderTest.h */,
				A7DBC1B61689BA20003F1D38 /* DTHTMLAttributedStringBuilderTest.m */,
				9AFC1BB5171724EB002BF23A /* DTHTMLElementTest.h */,
				9AFC1BB6171724EB002BF23A /* DTHTMLElementTest.m */,
				A7985E0C178ECD86005D40B2 /* DTHTMLWriterTest.h */,
				A7985E0B178ECD86005D40B2 /* DTHTMLWriterTest.m */,
				A738663F17F8B16200E3CDFC /* DTTextBlockTest.h */,
				A738664017F8B16200E3CDFC /* DTTextBlockTest.m */,
				944A9E6318B5A7F000E41481 /* DTCSSListStyleTest.m */,
				A7C7AD0614DA7C17005A9C69 /* MacUnitTest.h */,
				A7C7AD0714DA7C17005A9C69 /* MacUnitTest.m */,
				A7C7AD0914DA7C2B005A9C69 /* NSAttributedStringHTMLTest.h */,
				A7C7AD0A14DA7C2B005A9C69 /* NSAttributedStringHTMLTest.m */,
				A70ED6CC17F99BD9008A801A /* NSAttributedStringDTCoreTextTest.h */,
				A70ED6CD17F99BD9008A801A /* NSAttributedStringDTCoreTextTest.m */,
				A768BE4617FC547E008834C6 /* NSDictionaryDTCoreText.m */,
				A77A3E401779BF03000B290B /* NSMutableAttributedStringHTMLTest.h */,
				A77A3E411779BF03000B290B /* NSMutableAttributedStringHTMLTest.m */,
				A7C7AD0B14DA7C2C005A9C69 /* NSStringHTMLTest.h */,
				A7C7AD0C14DA7C2C005A9C69 /* NSStringHTMLTest.m */,
				A7F16CF41698491400B0E843 /* NSStringCSSTest.h */,
				A7F16CF51698491400B0E843 /* NSStringCSSTest.m */,
				A776DBE61716A8EE00E71F36 /* NSStringParagraphTest.h */,
				A776DBE71716A8EE00E71F36 /* NSStringParagraphTest.m */,
				A7C7AD0D14DA7C2C005A9C69 /* UIColorHTMLTest.h */,
				A7C7AD0E14DA7C2C005A9C69 /* UIColorHTMLTest.m */,
				A7B14E20183628EE0007CF27 /* DTCoreTextFontDescriptorTest.m */,
				3A4EA5311D475D76009222BF /* NSNumberRomanNumeralsTest.m */,
			);
			path = Source;
			sourceTree = "<group>";
		};
/* End PBXGroup section */

/* Begin PBXNativeTarget section */
		1D6058900D05DD3D006BFB54 /* DemoApp */ = {
			isa = PBXNativeTarget;
			buildConfigurationList = 1D6058960D05DD3E006BFB54 /* Build configuration list for PBXNativeTarget "DemoApp" */;
			buildPhases = (
				1D60588D0D05DD3D006BFB54 /* Resources */,
				1D60588E0D05DD3D006BFB54 /* Sources */,
				1D60588F0D05DD3D006BFB54 /* Frameworks */,
			);
			buildRules = (
			);
			dependencies = (
			);
			name = DemoApp;
			packageProductDependencies = (
				D5ED9FC9383B0026E3E673FB /* DTCoreText */,
			);
			productName = DTCoreText;
			productReference = 1D6058910D05DD3D006BFB54 /* RTDemoApp.app */;
			productType = "com.apple.product-type.application";
		};
/* End PBXNativeTarget section */

/* Begin PBXProject section */
		29B97313FDCFA39411CA2CEA /* Project object */ = {
			isa = PBXProject;
			attributes = {
				BuildIndependentTargetsInParallel = YES;
				LastTestingUpgradeCheck = 0510;
				LastUpgradeCheck = 2640;
				ORGANIZATIONNAME = Drobnik.com;
				TargetAttributes = {
					1D6058900D05DD3D006BFB54 = {
						DevelopmentTeam = Z7L2YCUH45;
					};
				};
			};
			buildConfigurationList = C01FCF4E08A954540054247B /* Build configuration list for PBXProject "DTCoreText" */;
			compatibilityVersion = "Xcode 3.2";
			developmentRegion = en;
			hasScannedForEncodings = 1;
			knownRegions = (
				en,
				de,
				fr,
				ja,
			);
			mainGroup = 29B97314FDCFA39411CA2CEA /* CustomTemplate */;
			packageReferences = (
				B4FE25E0DFE76A202D91085C /* XCLocalSwiftPackageReference "." */,
			);
			productRefGroup = 19C28FACFE9D520D11CA2CBB /* Products */;
			projectDirPath = "";
			projectRoot = "";
			targets = (
				1D6058900D05DD3D006BFB54 /* DemoApp */,
				A7174BC414F288F900C57464 /* Documentation */,
			);
		};
/* End PBXProject section */

/* Begin PBXResourcesBuildPhase section */
		1D60588D0D05DD3D006BFB54 /* Resources */ = {
			isa = PBXResourcesBuildPhase;
			buildActionMask = 2147483647;
			files = (
				A788CA3A14863EF100E1AFD9 /* Alignment.html in Resources */,
				A788CA3B14863EF100E1AFD9 /* APOD.html in Resources */,
				A788CA3C14863EF100E1AFD9 /* ArabicTest.html in Resources */,
				A788CA3E14863EF100E1AFD9 /* CurrentTest.html in Resources */,
				A788CA3F14863EF100E1AFD9 /* CustomFont.html in Resources */,
				A788CA4114863EF100E1AFD9 /* Icon.png in Resources */,
				A76C23D618353EFE00F54F02 /* Oliver.jpg in Resources */,
				A788CA4214863EF100E1AFD9 /* Icon@2x.png in Resources */,
				A788CA4314863EF100E1AFD9 /* icon_smile.gif in Resources */,
				A788CA4414863EF100E1AFD9 /* Image.html in Resources */,
				A788CA4514863EF100E1AFD9 /* ListTest.html in Resources */,
				A788CA4614863EF100E1AFD9 /* LoremIpsum.html in Resources */,
				A788CA4814863EF100E1AFD9 /* README.html in Resources */,
				A788CA4914863EF100E1AFD9 /* Snippets.plist in Resources */,
				A788CA4A14863EF100E1AFD9 /* styles.html in Resources */,
				A788CA4B14863EF100E1AFD9 /* Subviews.html in Resources */,
				A7F0C4241965A0D600D7FAFB /* simpson20.gif in Resources */,
				A788CA4C14863EF100E1AFD9 /* Video.html in Resources */,
				A788CA4D14863EF100E1AFD9 /* WarAndPeace.html in Resources */,
				A788CA4E14863EF100E1AFD9 /* XB Niloofar.ttf in Resources */,
				A788CA4F14863EF100E1AFD9 /* XB NiloofarBd.ttf in Resources */,
				A7D54EA514E003190063E78B /* Objects.html in Resources */,
				A7A95D9514F3F45E002E3F7E /* LineHeight.html in Resources */,
				A78C241115073BC50045651E /* TextBoxes.html in Resources */,
				A72C15C71592FAF70064A67F /* CoreTextIssues.html in Resources */,
				A73885A51606E9B2001D60C4 /* EmojiTest.html in Resources */,
				A72418171678BACE001362C4 /* iOS6.html in Resources */,
				A7EB84FC168ED63A00D686B7 /* FontSizes.html in Resources */,
				A730BCD716D29588003B849F /* Languages.html in Resources */,
				A7CFACA92A59BED200EFA9FA /* Launch.storyboard in Resources */,
				A7CF230A16DE1DF7005A4A6E /* AppledocSettings.plist in Resources */,
				A740368916E51B3A00ECCDE0 /* DemoAboutViewController.xib in Resources */,
				A740369116E51C9800ECCDE0 /* About.html in Resources */,
				DDCCEB1E17005A4F009FF923 /* css.css in Resources */,
				A76C23D718353F0A00F54F02 /* Oliver@2x.jpg in Resources */,
				A7FB12C9175F49A400D4B7F0 /* DTCoreTextFontOverrides.plist in Resources */,
				5AF0ECFF9BD94137DE0992BA /* AutoLayoutDemoViewController.xib in Resources */,
			);
			runOnlyForDeploymentPostprocessing = 0;
		};
/* End PBXResourcesBuildPhase section */

/* Begin PBXShellScriptBuildPhase section */
		A7174BC814F2890900C57464 /* ShellScript */ = {
			isa = PBXShellScriptBuildPhase;
			buildActionMask = 2147483647;
			files = (
			);
			inputPaths = (
			);
			outputPaths = (
			);
			runOnlyForDeploymentPostprocessing = 0;
			shellPath = /bin/sh;
			shellScript = "echo \"Documentation Output directory: ${BUILD_DIR}/Documentation/\"\n/usr/local/bin/appledoc --print-settings  --output \"${BUILD_DIR}/Documentation/\" \"${PROJECT_DIR}\"\nexit $?";
			showEnvVarsInLog = 0;
		};
/* End PBXShellScriptBuildPhase section */

/* Begin PBXSourcesBuildPhase section */
		1D60588E0D05DD3D006BFB54 /* Sources */ = {
			isa = PBXSourcesBuildPhase;
			buildActionMask = 2147483647;
			files = (
				A788CA5014863EF100E1AFD9 /* CoreTextDemoAppDelegate.m in Sources */,
				A788CA5114863EF100E1AFD9 /* DemoSnippetsViewController.m in Sources */,
				1926D78E231E467900F11523 /* DemoWebVideoView.m in Sources */,
				A788CA5214863EF100E1AFD9 /* DemoTextViewController.m in Sources */,
				A788CA5314863EF100E1AFD9 /* main.m in Sources */,
				A740368816E51B3A00ECCDE0 /* DemoAboutViewController.m in Sources */,
				5AF0E509CE9C6EC97E3007F5 /* AutoLayoutDemoViewController.m in Sources */,
				1E36CC5837E5485546C66558 /* DTCoreTextConstants.m in Sources */,
				60318EC197EEF736972A6BED /* DemoSceneDelegate.m in Sources */,
			);
			runOnlyForDeploymentPostprocessing = 0;
		};
/* End PBXSourcesBuildPhase section */

/* Begin XCBuildConfiguration section */
		1D6058940D05DD3E006BFB54 /* Debug */ = {
			isa = XCBuildConfiguration;
			buildSettings = {
				CLANG_ENABLE_MODULES = YES;
				COPY_PHASE_STRIP = NO;
				DEAD_CODE_STRIPPING = YES;
				DEVELOPMENT_TEAM = Z7L2YCUH45;
				GCC_DYNAMIC_NO_PIC = NO;
				GCC_OPTIMIZATION_LEVEL = 0;
				GCC_THUMB_SUPPORT = NO;
				INFOPLIST_FILE = "Demo/DemoApp-Info.plist";
				IPHONEOS_DEPLOYMENT_TARGET = 16.0;
				LD_RUNPATH_SEARCH_PATHS = (
					"$(inherited)",
					"@executable_path/Frameworks",
				);
				MACOSX_DEPLOYMENT_TARGET = 11.0;
				OTHER_LDFLAGS = "-ObjC";
				PRODUCT_BUNDLE_IDENTIFIER = com.drobnik.DTCoreText.demo;
				PRODUCT_NAME = RTDemoApp;
				SDKROOT = iphoneos;
				SUPPORTED_PLATFORMS = "iphonesimulator iphoneos";
				TARGETED_DEVICE_FAMILY = "1,2";
			};
			name = Debug;
		};
		1D6058950D05DD3E006BFB54 /* Release */ = {
			isa = XCBuildConfiguration;
			buildSettings = {
				CLANG_ENABLE_MODULES = YES;
				COPY_PHASE_STRIP = YES;
				DEAD_CODE_STRIPPING = YES;
				DEVELOPMENT_TEAM = Z7L2YCUH45;
				GCC_THUMB_SUPPORT = NO;
				INFOPLIST_FILE = "Demo/DemoApp-Info.plist";
				IPHONEOS_DEPLOYMENT_TARGET = 16.0;
				LD_RUNPATH_SEARCH_PATHS = (
					"$(inherited)",
					"@executable_path/Frameworks",
				);
				MACOSX_DEPLOYMENT_TARGET = 11.0;
				OTHER_LDFLAGS = "-ObjC";
				PRODUCT_BUNDLE_IDENTIFIER = com.drobnik.DTCoreText.demo;
				PRODUCT_NAME = RTDemoApp;
				SDKROOT = iphoneos;
				SUPPORTED_PLATFORMS = "iphonesimulator iphoneos";
				TARGETED_DEVICE_FAMILY = "1,2";
				VALIDATE_PRODUCT = YES;
			};
			name = Release;
		};
		A7174BC614F288F900C57464 /* Debug */ = {
			isa = XCBuildConfiguration;
			buildSettings = {
				DEAD_CODE_STRIPPING = YES;
				GCC_THUMB_SUPPORT = NO;
				MACOSX_DEPLOYMENT_TARGET = 11.0;
				PRODUCT_NAME = "$(TARGET_NAME)";
			};
			name = Debug;
		};
		A7174BC714F288F900C57464 /* Release */ = {
			isa = XCBuildConfiguration;
			buildSettings = {
				DEAD_CODE_STRIPPING = YES;
				GCC_THUMB_SUPPORT = NO;
				MACOSX_DEPLOYMENT_TARGET = 11.0;
				PRODUCT_NAME = "$(TARGET_NAME)";
			};
			name = Release;
		};
		A7DC5CFB17F833F1006ADDF5 /* Coverage */ = {
			isa = XCBuildConfiguration;
			buildSettings = {
				ALWAYS_SEARCH_USER_PATHS = NO;
				ASSETCATALOG_COMPILER_GENERATE_SWIFT_ASSET_SYMBOL_EXTENSIONS = YES;
				BITCODE_GENERATION_MODE = bitcode;
				CLANG_ANALYZER_LOCALIZABILITY_NONLOCALIZED = YES;
				CLANG_ENABLE_OBJC_ARC = YES;
				CLANG_WARN_BLOCK_CAPTURE_AUTORELEASING = YES;
				CLANG_WARN_BOOL_CONVERSION = YES;
				CLANG_WARN_COMMA = YES;
				CLANG_WARN_CONSTANT_CONVERSION = YES;
				CLANG_WARN_DEPRECATED_OBJC_IMPLEMENTATIONS = YES;
				CLANG_WARN_EMPTY_BODY = YES;
				CLANG_WARN_ENUM_CONVERSION = YES;
				CLANG_WARN_INFINITE_RECURSION = YES;
				CLANG_WARN_INT_CONVERSION = YES;
				CLANG_WARN_NON_LITERAL_NULL_CONVERSION = YES;
				CLANG_WARN_OBJC_IMPLICIT_RETAIN_SELF = YES;
				CLANG_WARN_OBJC_LITERAL_CONVERSION = YES;
				CLANG_WARN_QUOTED_INCLUDE_IN_FRAMEWORK_HEADER = YES;
				CLANG_WARN_RANGE_LOOP_ANALYSIS = YES;
				CLANG_WARN_STRICT_PROTOTYPES = YES;
				CLANG_WARN_SUSPICIOUS_MOVE = YES;
				CLANG_WARN_UNREACHABLE_CODE = YES;
				CLANG_WARN__DUPLICATE_METHOD_MATCH = YES;
				"CODE_SIGN_IDENTITY[sdk=iphoneos*]" = "iPhone Developer";
				CURRENT_PROJECT_VERSION = 1.6.28;
				DEAD_CODE_STRIPPING = YES;
				ENABLE_BITCODE = YES;
				ENABLE_STRICT_OBJC_MSGSEND = YES;
				ENABLE_USER_SCRIPT_SANDBOXING = YES;
				FRAMEWORK_SEARCH_PATHS = "$(DEVELOPER_LIBRARY_DIR)/Frameworks";
				GCC_C_LANGUAGE_STANDARD = c99;
				GCC_NO_COMMON_BLOCKS = YES;
				GCC_PREPROCESSOR_DEFINITIONS = "COVERAGE=1";
				GCC_THUMB_SUPPORT = NO;
				GCC_WARN_64_TO_32_BIT_CONVERSION = YES;
				GCC_WARN_ABOUT_MISSING_PROTOTYPES = YES;
				GCC_WARN_ABOUT_RETURN_TYPE = YES;
				GCC_WARN_UNDECLARED_SELECTOR = YES;
				GCC_WARN_UNINITIALIZED_AUTOS = YES;
				GCC_WARN_UNUSED_FUNCTION = YES;
				GCC_WARN_UNUSED_VARIABLE = YES;
				HEADER_SEARCH_PATHS = (
					"$(inherited)",
					/Applications/Xcode.app/Contents/Developer/Toolchains/XcodeDefault.xctoolchain/usr/include,
					"${TARGET_BUILD_DIR}/**",
					/usr/include/libxml2,
				);
				IPHONEOS_DEPLOYMENT_TARGET = 12.0;
				MACOSX_DEPLOYMENT_TARGET = 10.9;
				OTHER_CFLAGS = "-fembed-bitcode";
				STRING_CATALOG_GENERATE_SYMBOLS = YES;
				TVOS_DEPLOYMENT_TARGET = 12.0;
				USER_HEADER_SEARCH_PATHS = (
					"\"$(SRCROOT)/Core/Source\"",
					"\"$(SRCROOT)/Externals/DTFoundation/Core/Source\"/**",
				);
				WATCHOS_DEPLOYMENT_TARGET = 2.0;
			};
			name = Coverage;
		};
		A7DC5CFC17F833F1006ADDF5 /* Coverage */ = {
			isa = XCBuildConfiguration;
			buildSettings = {
				CLANG_ENABLE_MODULES = YES;
				COPY_PHASE_STRIP = NO;
				DEAD_CODE_STRIPPING = YES;
				DEVELOPMENT_TEAM = Z7L2YCUH45;
				GCC_DYNAMIC_NO_PIC = NO;
				GCC_OPTIMIZATION_LEVEL = 0;
				GCC_THUMB_SUPPORT = NO;
				INFOPLIST_FILE = "Demo/DemoApp-Info.plist";
				IPHONEOS_DEPLOYMENT_TARGET = 16.0;
				LD_RUNPATH_SEARCH_PATHS = (
					"$(inherited)",
					"@executable_path/Frameworks",
				);
				MACOSX_DEPLOYMENT_TARGET = 11.0;
				OTHER_LDFLAGS = "-ObjC";
				PRODUCT_BUNDLE_IDENTIFIER = com.drobnik.DTCoreText.demo;
				PRODUCT_NAME = RTDemoApp;
				SDKROOT = iphoneos;
				SUPPORTED_PLATFORMS = "iphonesimulator iphoneos";
				TARGETED_DEVICE_FAMILY = "1,2";
			};
			name = Coverage;
		};
		A7DC5D0117F833F1006ADDF5 /* Coverage */ = {
			isa = XCBuildConfiguration;
			buildSettings = {
				DEAD_CODE_STRIPPING = YES;
				GCC_THUMB_SUPPORT = NO;
				MACOSX_DEPLOYMENT_TARGET = 11.0;
				PRODUCT_NAME = "$(TARGET_NAME)";
			};
			name = Coverage;
		};
		C01FCF4F08A954540054247B /* Debug */ = {
			isa = XCBuildConfiguration;
			buildSettings = {
				ALWAYS_SEARCH_USER_PATHS = NO;
				ASSETCATALOG_COMPILER_GENERATE_SWIFT_ASSET_SYMBOL_EXTENSIONS = YES;
				BITCODE_GENERATION_MODE = bitcode;
				CLANG_ANALYZER_LOCALIZABILITY_NONLOCALIZED = YES;
				CLANG_ENABLE_OBJC_ARC = YES;
				CLANG_WARN_BLOCK_CAPTURE_AUTORELEASING = YES;
				CLANG_WARN_BOOL_CONVERSION = YES;
				CLANG_WARN_COMMA = YES;
				CLANG_WARN_CONSTANT_CONVERSION = YES;
				CLANG_WARN_DEPRECATED_OBJC_IMPLEMENTATIONS = YES;
				CLANG_WARN_EMPTY_BODY = YES;
				CLANG_WARN_ENUM_CONVERSION = YES;
				CLANG_WARN_INFINITE_RECURSION = YES;
				CLANG_WARN_INT_CONVERSION = YES;
				CLANG_WARN_NON_LITERAL_NULL_CONVERSION = YES;
				CLANG_WARN_OBJC_IMPLICIT_RETAIN_SELF = YES;
				CLANG_WARN_OBJC_LITERAL_CONVERSION = YES;
				CLANG_WARN_QUOTED_INCLUDE_IN_FRAMEWORK_HEADER = YES;
				CLANG_WARN_RANGE_LOOP_ANALYSIS = YES;
				CLANG_WARN_STRICT_PROTOTYPES = YES;
				CLANG_WARN_SUSPICIOUS_MOVE = YES;
				CLANG_WARN_UNREACHABLE_CODE = YES;
				CLANG_WARN__DUPLICATE_METHOD_MATCH = YES;
				"CODE_SIGN_IDENTITY[sdk=iphoneos*]" = "iPhone Developer";
				CURRENT_PROJECT_VERSION = 1.6.28;
				DEAD_CODE_STRIPPING = YES;
				ENABLE_BITCODE = YES;
				ENABLE_STRICT_OBJC_MSGSEND = YES;
				ENABLE_TESTABILITY = YES;
				ENABLE_USER_SCRIPT_SANDBOXING = YES;
				FRAMEWORK_SEARCH_PATHS = "$(DEVELOPER_LIBRARY_DIR)/Frameworks";
				GCC_C_LANGUAGE_STANDARD = c99;
				GCC_NO_COMMON_BLOCKS = YES;
				GCC_PRECOMPILE_PREFIX_HEADER = YES;
				GCC_PREPROCESSOR_DEFINITIONS = (
					"DEBUG=1",
					"$(inherited)",
				);
				GCC_THUMB_SUPPORT = NO;
				GCC_WARN_64_TO_32_BIT_CONVERSION = YES;
				GCC_WARN_ABOUT_MISSING_PROTOTYPES = YES;
				GCC_WARN_ABOUT_RETURN_TYPE = YES;
				GCC_WARN_UNDECLARED_SELECTOR = YES;
				GCC_WARN_UNINITIALIZED_AUTOS = YES;
				GCC_WARN_UNUSED_FUNCTION = YES;
				GCC_WARN_UNUSED_VARIABLE = YES;
				HEADER_SEARCH_PATHS = (
					"$(inherited)",
					/Applications/Xcode.app/Contents/Developer/Toolchains/XcodeDefault.xctoolchain/usr/include,
					"${TARGET_BUILD_DIR}/**",
					/usr/include/libxml2,
				);
				IPHONEOS_DEPLOYMENT_TARGET = 12.0;
				MACOSX_DEPLOYMENT_TARGET = 10.9;
				ONLY_ACTIVE_ARCH = YES;
				OTHER_CFLAGS = "-fembed-bitcode";
				STRING_CATALOG_GENERATE_SYMBOLS = YES;
				TVOS_DEPLOYMENT_TARGET = 12.0;
				USER_HEADER_SEARCH_PATHS = (
					"\"$(SRCROOT)/Core/Source\"",
					"\"$(SRCROOT)/Externals/DTFoundation/Core/Source\"/**",
				);
				WATCHOS_DEPLOYMENT_TARGET = 2.0;
			};
			name = Debug;
		};
		C01FCF5008A954540054247B /* Release */ = {
			isa = XCBuildConfiguration;
			buildSettings = {
				ALWAYS_SEARCH_USER_PATHS = NO;
				ASSETCATALOG_COMPILER_GENERATE_SWIFT_ASSET_SYMBOL_EXTENSIONS = YES;
				BITCODE_GENERATION_MODE = bitcode;
				CLANG_ANALYZER_LOCALIZABILITY_NONLOCALIZED = YES;
				CLANG_ENABLE_OBJC_ARC = YES;
				CLANG_WARN_BLOCK_CAPTURE_AUTORELEASING = YES;
				CLANG_WARN_BOOL_CONVERSION = YES;
				CLANG_WARN_COMMA = YES;
				CLANG_WARN_CONSTANT_CONVERSION = YES;
				CLANG_WARN_DEPRECATED_OBJC_IMPLEMENTATIONS = YES;
				CLANG_WARN_EMPTY_BODY = YES;
				CLANG_WARN_ENUM_CONVERSION = YES;
				CLANG_WARN_INFINITE_RECURSION = YES;
				CLANG_WARN_INT_CONVERSION = YES;
				CLANG_WARN_NON_LITERAL_NULL_CONVERSION = YES;
				CLANG_WARN_OBJC_IMPLICIT_RETAIN_SELF = YES;
				CLANG_WARN_OBJC_LITERAL_CONVERSION = YES;
				CLANG_WARN_QUOTED_INCLUDE_IN_FRAMEWORK_HEADER = YES;
				CLANG_WARN_RANGE_LOOP_ANALYSIS = YES;
				CLANG_WARN_STRICT_PROTOTYPES = YES;
				CLANG_WARN_SUSPICIOUS_MOVE = YES;
				CLANG_WARN_UNREACHABLE_CODE = YES;
				CLANG_WARN__DUPLICATE_METHOD_MATCH = YES;
				"CODE_SIGN_IDENTITY[sdk=iphoneos*]" = "iPhone Developer";
				CURRENT_PROJECT_VERSION = 1.6.28;
				DEAD_CODE_STRIPPING = YES;
				ENABLE_BITCODE = YES;
				ENABLE_STRICT_OBJC_MSGSEND = YES;
				ENABLE_USER_SCRIPT_SANDBOXING = YES;
				FRAMEWORK_SEARCH_PATHS = "$(DEVELOPER_LIBRARY_DIR)/Frameworks";
				GCC_C_LANGUAGE_STANDARD = c99;
				GCC_NO_COMMON_BLOCKS = YES;
				GCC_PRECOMPILE_PREFIX_HEADER = YES;
				GCC_THUMB_SUPPORT = NO;
				GCC_WARN_64_TO_32_BIT_CONVERSION = YES;
				GCC_WARN_ABOUT_MISSING_PROTOTYPES = YES;
				GCC_WARN_ABOUT_RETURN_TYPE = YES;
				GCC_WARN_UNDECLARED_SELECTOR = YES;
				GCC_WARN_UNINITIALIZED_AUTOS = YES;
				GCC_WARN_UNUSED_FUNCTION = YES;
				GCC_WARN_UNUSED_VARIABLE = YES;
				HEADER_SEARCH_PATHS = (
					"$(inherited)",
					/Applications/Xcode.app/Contents/Developer/Toolchains/XcodeDefault.xctoolchain/usr/include,
					"${TARGET_BUILD_DIR}/**",
					/usr/include/libxml2,
				);
				IPHONEOS_DEPLOYMENT_TARGET = 12.0;
				MACOSX_DEPLOYMENT_TARGET = 10.9;
				OTHER_CFLAGS = (
					"-DNS_BLOCK_ASSERTIONS=1",
					"-fembed-bitcode",
				);
				STRING_CATALOG_GENERATE_SYMBOLS = YES;
				TVOS_DEPLOYMENT_TARGET = 12.0;
				USER_HEADER_SEARCH_PATHS = (
					"\"$(SRCROOT)/Core/Source\"",
					"\"$(SRCROOT)/Externals/DTFoundation/Core/Source\"/**",
				);
				WATCHOS_DEPLOYMENT_TARGET = 2.0;
			};
			name = Release;
		};
/* End XCBuildConfiguration section */

/* Begin XCConfigurationList section */
		1D6058960D05DD3E006BFB54 /* Build configuration list for PBXNativeTarget "DemoApp" */ = {
			isa = XCConfigurationList;
			buildConfigurations = (
				1D6058940D05DD3E006BFB54 /* Debug */,
				A7DC5CFC17F833F1006ADDF5 /* Coverage */,
				1D6058950D05DD3E006BFB54 /* Release */,
			);
			defaultConfigurationIsVisible = 0;
			defaultConfigurationName = Release;
		};
		A7174BC514F288F900C57464 /* Build configuration list for PBXAggregateTarget "Documentation" */ = {
			isa = XCConfigurationList;
			buildConfigurations = (
				A7174BC614F288F900C57464 /* Debug */,
				A7DC5D0117F833F1006ADDF5 /* Coverage */,
				A7174BC714F288F900C57464 /* Release */,
			);
			defaultConfigurationIsVisible = 0;
			defaultConfigurationName = Release;
		};
		C01FCF4E08A954540054247B /* Build configuration list for PBXProject "DTCoreText" */ = {
			isa = XCConfigurationList;
			buildConfigurations = (
				C01FCF4F08A954540054247B /* Debug */,
				A7DC5CFB17F833F1006ADDF5 /* Coverage */,
				C01FCF5008A954540054247B /* Release */,
			);
			defaultConfigurationIsVisible = 0;
			defaultConfigurationName = Release;
		};
/* End XCConfigurationList section */

/* Begin XCLocalSwiftPackageReference section */
		B4FE25E0DFE76A202D91085C /* XCLocalSwiftPackageReference "." */ = {
			isa = XCLocalSwiftPackageReference;
			relativePath = .;
		};
/* End XCLocalSwiftPackageReference section */

/* Begin XCSwiftPackageProductDependency section */
		D5ED9FC9383B0026E3E673FB /* DTCoreText */ = {
			isa = XCSwiftPackageProductDependency;
			package = B4FE25E0DFE76A202D91085C /* XCLocalSwiftPackageReference "." */;
			productName = DTCoreText;
		};
/* End XCSwiftPackageProductDependency section */
	};
	rootObject = 29B97313FDCFA39411CA2CEA /* Project object */;
}
