// !$*UTF8*$!
{
	archiveVersion = 1;
	classes = {
	};
	objectVersion = 45;
	objects = {

/* Begin PBXBuildFile section */
		1D3623260D0F684500981E51 /* CoreTextExtensionsAppDelegate.m in Sources */ = {isa = PBXBuildFile; fileRef = 1D3623250D0F684500981E51 /* CoreTextExtensionsAppDelegate.m */; };
		1D60589B0D05DD56006BFB54 /* main.m in Sources */ = {isa = PBXBuildFile; fileRef = 29B97316FDCFA39411CA2CEA /* main.m */; };
		1D60589F0D05DD5A006BFB54 /* Foundation.framework in Frameworks */ = {isa = PBXBuildFile; fileRef = 1D30AB110D05D00D00671497 /* Foundation.framework */; };
		1DF5F4E00D08C38300B7A737 /* UIKit.framework in Frameworks */ = {isa = PBXBuildFile; fileRef = 1DF5F4DF0D08C38300B7A737 /* UIKit.framework */; };
		288765A50DF7441C002DB57D /* CoreGraphics.framework in Frameworks */ = {isa = PBXBuildFile; fileRef = 288765A40DF7441C002DB57D /* CoreGraphics.framework */; };
		28D7ACF80DDB3853001CB0EB /* CoreTextExtensionsViewController.m in Sources */ = {isa = PBXBuildFile; fileRef = 28D7ACF70DDB3853001CB0EB /* CoreTextExtensionsViewController.m */; };
		6A5A32C712DD10BB0019AAF1 /* UIColorHTMLTest.m in Sources */ = {isa = PBXBuildFile; fileRef = 6A5A32C612DD10BB0019AAF1 /* UIColorHTMLTest.m */; };
		6A5A32C912DD113D0019AAF1 /* UIColor+HTML.m in Sources */ = {isa = PBXBuildFile; fileRef = A73BC61012DA1D1D00F064C6 /* UIColor+HTML.m */; };
		6A5A32CA12DD11460019AAF1 /* NSString+HTML.m in Sources */ = {isa = PBXBuildFile; fileRef = A73BC5E912DA1B5200F064C6 /* NSString+HTML.m */; };
		6A5A32CD12DD11740019AAF1 /* NSAttributedStringHTMLTest.m in Sources */ = {isa = PBXBuildFile; fileRef = 6A5A32CC12DD11740019AAF1 /* NSAttributedStringHTMLTest.m */; };
		6A5A32D012DD11960019AAF1 /* NSStringHTMLTest.m in Sources */ = {isa = PBXBuildFile; fileRef = 6A5A32CF12DD11960019AAF1 /* NSStringHTMLTest.m */; };
		6A5A32D912DD12260019AAF1 /* NSAttributedString+HTML.m in Sources */ = {isa = PBXBuildFile; fileRef = A73BC3EE12D9F5AD00F064C6 /* NSAttributedString+HTML.m */; };
		6A5A32DD12DD12C60019AAF1 /* UIKit.framework in Frameworks */ = {isa = PBXBuildFile; fileRef = 1DF5F4DF0D08C38300B7A737 /* UIKit.framework */; };
		6A5A32E012DD12CC0019AAF1 /* Foundation.framework in Frameworks */ = {isa = PBXBuildFile; fileRef = 1D30AB110D05D00D00671497 /* Foundation.framework */; };
		6A5A32E312DD12CF0019AAF1 /* CoreGraphics.framework in Frameworks */ = {isa = PBXBuildFile; fileRef = 288765A40DF7441C002DB57D /* CoreGraphics.framework */; };
		6A5A32E612DD12D20019AAF1 /* CoreText.framework in Frameworks */ = {isa = PBXBuildFile; fileRef = A73BC42812DA014300F064C6 /* CoreText.framework */; };
		A734320512DC501400044B3C /* README.html in Resources */ = {isa = PBXBuildFile; fileRef = A734320412DC501400044B3C /* README.html */; };
		A73BC3EF12D9F5AD00F064C6 /* NSAttributedString+HTML.m in Sources */ = {isa = PBXBuildFile; fileRef = A73BC3EE12D9F5AD00F064C6 /* NSAttributedString+HTML.m */; };
		A73BC42912DA014300F064C6 /* CoreText.framework in Frameworks */ = {isa = PBXBuildFile; fileRef = A73BC42812DA014300F064C6 /* CoreText.framework */; };
		A73BC48E12DA078100F064C6 /* DTAttributedTextContentView.m in Sources */ = {isa = PBXBuildFile; fileRef = A73BC48D12DA078100F064C6 /* DTAttributedTextContentView.m */; };
		A73BC5EA12DA1B5200F064C6 /* NSString+HTML.m in Sources */ = {isa = PBXBuildFile; fileRef = A73BC5E912DA1B5200F064C6 /* NSString+HTML.m */; };
		A73BC61112DA1D1D00F064C6 /* UIColor+HTML.m in Sources */ = {isa = PBXBuildFile; fileRef = A73BC61012DA1D1D00F064C6 /* UIColor+HTML.m */; };
		A76E5A3112DD862000711782 /* NSScanner+HTML.m in Sources */ = {isa = PBXBuildFile; fileRef = A76E5A3012DD862000711782 /* NSScanner+HTML.m */; };
		A76E5A3212DD862000711782 /* NSScanner+HTML.m in Sources */ = {isa = PBXBuildFile; fileRef = A76E5A3012DD862000711782 /* NSScanner+HTML.m */; };
		A76E5B4912DD9AF500711782 /* QuartzCore.framework in Frameworks */ = {isa = PBXBuildFile; fileRef = A76E5B4812DD9AF500711782 /* QuartzCore.framework */; };
		A76E5BD912DD9FEB00711782 /* DTAttributedTextView.m in Sources */ = {isa = PBXBuildFile; fileRef = A76E5BD812DD9FEB00711782 /* DTAttributedTextView.m */; };
		A76E5BDA12DD9FEB00711782 /* DTAttributedTextView.m in Sources */ = {isa = PBXBuildFile; fileRef = A76E5BD812DD9FEB00711782 /* DTAttributedTextView.m */; };
		B2B440C712E030DF00497B74 /* DTAttributedTextContentView.m in Sources */ = {isa = PBXBuildFile; fileRef = A73BC48D12DA078100F064C6 /* DTAttributedTextContentView.m */; };
/* End PBXBuildFile section */

/* Begin PBXFileReference section */
		1D30AB110D05D00D00671497 /* Foundation.framework */ = {isa = PBXFileReference; lastKnownFileType = wrapper.framework; name = Foundation.framework; path = System/Library/Frameworks/Foundation.framework; sourceTree = SDKROOT; };
		1D3623240D0F684500981E51 /* CoreTextExtensionsAppDelegate.h */ = {isa = PBXFileReference; fileEncoding = 4; lastKnownFileType = sourcecode.c.h; path = CoreTextExtensionsAppDelegate.h; sourceTree = "<group>"; };
		1D3623250D0F684500981E51 /* CoreTextExtensionsAppDelegate.m */ = {isa = PBXFileReference; fileEncoding = 4; lastKnownFileType = sourcecode.c.objc; path = CoreTextExtensionsAppDelegate.m; sourceTree = "<group>"; };
		1D6058910D05DD3D006BFB54 /* CoreTextExtensions.app */ = {isa = PBXFileReference; explicitFileType = wrapper.application; includeInIndex = 0; path = CoreTextExtensions.app; sourceTree = BUILT_PRODUCTS_DIR; };
		1DF5F4DF0D08C38300B7A737 /* UIKit.framework */ = {isa = PBXFileReference; lastKnownFileType = wrapper.framework; name = UIKit.framework; path = System/Library/Frameworks/UIKit.framework; sourceTree = SDKROOT; };
		288765A40DF7441C002DB57D /* CoreGraphics.framework */ = {isa = PBXFileReference; lastKnownFileType = wrapper.framework; name = CoreGraphics.framework; path = System/Library/Frameworks/CoreGraphics.framework; sourceTree = SDKROOT; };
		28D7ACF60DDB3853001CB0EB /* CoreTextExtensionsViewController.h */ = {isa = PBXFileReference; fileEncoding = 4; lastKnownFileType = sourcecode.c.h; path = CoreTextExtensionsViewController.h; sourceTree = "<group>"; };
		28D7ACF70DDB3853001CB0EB /* CoreTextExtensionsViewController.m */ = {isa = PBXFileReference; fileEncoding = 4; lastKnownFileType = sourcecode.c.objc; path = CoreTextExtensionsViewController.m; sourceTree = "<group>"; };
		29B97316FDCFA39411CA2CEA /* main.m */ = {isa = PBXFileReference; fileEncoding = 4; lastKnownFileType = sourcecode.c.objc; path = main.m; sourceTree = "<group>"; };
		32CA4F630368D1EE00C91783 /* CoreTextExtensions_Prefix.pch */ = {isa = PBXFileReference; fileEncoding = 4; lastKnownFileType = sourcecode.c.h; path = CoreTextExtensions_Prefix.pch; sourceTree = "<group>"; };
		6A5A32C012DD108D0019AAF1 /* UnitTest.octest */ = {isa = PBXFileReference; explicitFileType = wrapper.cfbundle; includeInIndex = 0; path = UnitTest.octest; sourceTree = BUILT_PRODUCTS_DIR; };
		6A5A32C112DD108D0019AAF1 /* UnitTest-Info.plist */ = {isa = PBXFileReference; lastKnownFileType = text.plist.xml; path = "UnitTest-Info.plist"; sourceTree = "<group>"; };
		6A5A32C512DD10BB0019AAF1 /* UIColorHTMLTest.h */ = {isa = PBXFileReference; fileEncoding = 4; lastKnownFileType = sourcecode.c.h; path = UIColorHTMLTest.h; sourceTree = "<group>"; };
		6A5A32C612DD10BB0019AAF1 /* UIColorHTMLTest.m */ = {isa = PBXFileReference; fileEncoding = 4; lastKnownFileType = sourcecode.c.objc; path = UIColorHTMLTest.m; sourceTree = "<group>"; };
		6A5A32CB12DD11740019AAF1 /* NSAttributedStringHTMLTest.h */ = {isa = PBXFileReference; fileEncoding = 4; lastKnownFileType = sourcecode.c.h; path = NSAttributedStringHTMLTest.h; sourceTree = "<group>"; };
		6A5A32CC12DD11740019AAF1 /* NSAttributedStringHTMLTest.m */ = {isa = PBXFileReference; fileEncoding = 4; lastKnownFileType = sourcecode.c.objc; path = NSAttributedStringHTMLTest.m; sourceTree = "<group>"; };
		6A5A32CE12DD11960019AAF1 /* NSStringHTMLTest.h */ = {isa = PBXFileReference; fileEncoding = 4; lastKnownFileType = sourcecode.c.h; path = NSStringHTMLTest.h; sourceTree = "<group>"; };
		6A5A32CF12DD11960019AAF1 /* NSStringHTMLTest.m */ = {isa = PBXFileReference; fileEncoding = 4; lastKnownFileType = sourcecode.c.objc; path = NSStringHTMLTest.m; sourceTree = "<group>"; };
		8D1107310486CEB800E47090 /* CoreTextExtensions-Info.plist */ = {isa = PBXFileReference; fileEncoding = 4; lastKnownFileType = text.plist.xml; path = "CoreTextExtensions-Info.plist"; plistStructureDefinitionIdentifier = "com.apple.xcode.plist.structure-definition.iphone.info-plist"; sourceTree = "<group>"; };
		A734320412DC501400044B3C /* README.html */ = {isa = PBXFileReference; fileEncoding = 4; lastKnownFileType = text.html; path = README.html; sourceTree = "<group>"; };
		A73BC3ED12D9F5AD00F064C6 /* NSAttributedString+HTML.h */ = {isa = PBXFileReference; fileEncoding = 4; lastKnownFileType = sourcecode.c.h; path = "NSAttributedString+HTML.h"; sourceTree = "<group>"; };
		A73BC3EE12D9F5AD00F064C6 /* NSAttributedString+HTML.m */ = {isa = PBXFileReference; fileEncoding = 4; lastKnownFileType = sourcecode.c.objc; path = "NSAttributedString+HTML.m"; sourceTree = "<group>"; };
		A73BC42812DA014300F064C6 /* CoreText.framework */ = {isa = PBXFileReference; lastKnownFileType = wrapper.framework; name = CoreText.framework; path = System/Library/Frameworks/CoreText.framework; sourceTree = SDKROOT; };
		A73BC48C12DA078100F064C6 /* DTAttributedTextContentView.h */ = {isa = PBXFileReference; fileEncoding = 4; lastKnownFileType = sourcecode.c.h; path = DTAttributedTextContentView.h; sourceTree = "<group>"; };
		A73BC48D12DA078100F064C6 /* DTAttributedTextContentView.m */ = {isa = PBXFileReference; fileEncoding = 4; lastKnownFileType = sourcecode.c.objc; path = DTAttributedTextContentView.m; sourceTree = "<group>"; };
		A73BC5E812DA1B5200F064C6 /* NSString+HTML.h */ = {isa = PBXFileReference; fileEncoding = 4; lastKnownFileType = sourcecode.c.h; path = "NSString+HTML.h"; sourceTree = "<group>"; };
		A73BC5E912DA1B5200F064C6 /* NSString+HTML.m */ = {isa = PBXFileReference; fileEncoding = 4; lastKnownFileType = sourcecode.c.objc; path = "NSString+HTML.m"; sourceTree = "<group>"; };
		A73BC60F12DA1D1D00F064C6 /* UIColor+HTML.h */ = {isa = PBXFileReference; fileEncoding = 4; lastKnownFileType = sourcecode.c.h; path = "UIColor+HTML.h"; sourceTree = "<group>"; };
		A73BC61012DA1D1D00F064C6 /* UIColor+HTML.m */ = {isa = PBXFileReference; fileEncoding = 4; lastKnownFileType = sourcecode.c.objc; path = "UIColor+HTML.m"; sourceTree = "<group>"; };
		A76E5A2F12DD862000711782 /* NSScanner+HTML.h */ = {isa = PBXFileReference; fileEncoding = 4; lastKnownFileType = sourcecode.c.h; path = "NSScanner+HTML.h"; sourceTree = "<group>"; };
		A76E5A3012DD862000711782 /* NSScanner+HTML.m */ = {isa = PBXFileReference; fileEncoding = 4; lastKnownFileType = sourcecode.c.objc; path = "NSScanner+HTML.m"; sourceTree = "<group>"; };
		A76E5B4812DD9AF500711782 /* QuartzCore.framework */ = {isa = PBXFileReference; lastKnownFileType = wrapper.framework; name = QuartzCore.framework; path = System/Library/Frameworks/QuartzCore.framework; sourceTree = SDKROOT; };
		A76E5BD712DD9FEB00711782 /* DTAttributedTextView.h */ = {isa = PBXFileReference; fileEncoding = 4; lastKnownFileType = sourcecode.c.h; path = DTAttributedTextView.h; sourceTree = "<group>"; };
		A76E5BD812DD9FEB00711782 /* DTAttributedTextView.m */ = {isa = PBXFileReference; fileEncoding = 4; lastKnownFileType = sourcecode.c.objc; path = DTAttributedTextView.m; sourceTree = "<group>"; };
		B2B4410412E0316C00497B74 /* CoreTextExtensionsUnitTest_Prefix.pch */ = {isa = PBXFileReference; fileEncoding = 4; lastKnownFileType = sourcecode.c.h; path = CoreTextExtensionsUnitTest_Prefix.pch; sourceTree = "<group>"; };
/* End PBXFileReference section */

/* Begin PBXFrameworksBuildPhase section */
		1D60588F0D05DD3D006BFB54 /* Frameworks */ = {
			isa = PBXFrameworksBuildPhase;
			buildActionMask = 2147483647;
			files = (
				1D60589F0D05DD5A006BFB54 /* Foundation.framework in Frameworks */,
				1DF5F4E00D08C38300B7A737 /* UIKit.framework in Frameworks */,
				288765A50DF7441C002DB57D /* CoreGraphics.framework in Frameworks */,
				A73BC42912DA014300F064C6 /* CoreText.framework in Frameworks */,
				A76E5B4912DD9AF500711782 /* QuartzCore.framework in Frameworks */,
			);
			runOnlyForDeploymentPostprocessing = 0;
		};
		6A5A32BD12DD108D0019AAF1 /* Frameworks */ = {
			isa = PBXFrameworksBuildPhase;
			buildActionMask = 2147483647;
			files = (
				6A5A32DD12DD12C60019AAF1 /* UIKit.framework in Frameworks */,
				6A5A32E012DD12CC0019AAF1 /* Foundation.framework in Frameworks */,
				6A5A32E312DD12CF0019AAF1 /* CoreGraphics.framework in Frameworks */,
				6A5A32E612DD12D20019AAF1 /* CoreText.framework in Frameworks */,
			);
			runOnlyForDeploymentPostprocessing = 0;
		};
/* End PBXFrameworksBuildPhase section */

/* Begin PBXGroup section */
		080E96DDFE201D6D7F000001 /* Classes */ = {
			isa = PBXGroup;
			children = (
				A7342FF512DC343B00044B3C /* Demo */,
				A7342FF412DC341000044B3C /* NSAttributedString HTML Additions */,
				A76E5CBA12DDAA6300711782 /* UI */,
				6A5A32BA12DD106D0019AAF1 /* UnitTest */,
			);
			path = Classes;
			sourceTree = "<group>";
		};
		19C28FACFE9D520D11CA2CBB /* Products */ = {
			isa = PBXGroup;
			children = (
				1D6058910D05DD3D006BFB54 /* CoreTextExtensions.app */,
				6A5A32C012DD108D0019AAF1 /* UnitTest.octest */,
			);
			name = Products;
			sourceTree = "<group>";
		};
		29B97314FDCFA39411CA2CEA /* CustomTemplate */ = {
			isa = PBXGroup;
			children = (
				080E96DDFE201D6D7F000001 /* Classes */,
				29B97315FDCFA39411CA2CEA /* Other Sources */,
				29B97317FDCFA39411CA2CEA /* Resources */,
				29B97323FDCFA39411CA2CEA /* Frameworks */,
				19C28FACFE9D520D11CA2CBB /* Products */,
				6A5A32C112DD108D0019AAF1 /* UnitTest-Info.plist */,
			);
			name = CustomTemplate;
			sourceTree = "<group>";
		};
		29B97315FDCFA39411CA2CEA /* Other Sources */ = {
			isa = PBXGroup;
			children = (
				32CA4F630368D1EE00C91783 /* CoreTextExtensions_Prefix.pch */,
				29B97316FDCFA39411CA2CEA /* main.m */,
				B2B4410412E0316C00497B74 /* CoreTextExtensionsUnitTest_Prefix.pch */,
			);
			name = "Other Sources";
			sourceTree = "<group>";
		};
		29B97317FDCFA39411CA2CEA /* Resources */ = {
			isa = PBXGroup;
			children = (
				8D1107310486CEB800E47090 /* CoreTextExtensions-Info.plist */,
			);
			name = Resources;
			sourceTree = "<group>";
		};
		29B97323FDCFA39411CA2CEA /* Frameworks */ = {
			isa = PBXGroup;
			children = (
				1DF5F4DF0D08C38300B7A737 /* UIKit.framework */,
				1D30AB110D05D00D00671497 /* Foundation.framework */,
				288765A40DF7441C002DB57D /* CoreGraphics.framework */,
				A73BC42812DA014300F064C6 /* CoreText.framework */,
				A76E5B4812DD9AF500711782 /* QuartzCore.framework */,
			);
			name = Frameworks;
			sourceTree = "<group>";
		};
		6A5A32BA12DD106D0019AAF1 /* UnitTest */ = {
			isa = PBXGroup;
			children = (
				6A5A32C512DD10BB0019AAF1 /* UIColorHTMLTest.h */,
				6A5A32C612DD10BB0019AAF1 /* UIColorHTMLTest.m */,
				6A5A32CB12DD11740019AAF1 /* NSAttributedStringHTMLTest.h */,
				6A5A32CC12DD11740019AAF1 /* NSAttributedStringHTMLTest.m */,
				6A5A32CE12DD11960019AAF1 /* NSStringHTMLTest.h */,
				6A5A32CF12DD11960019AAF1 /* NSStringHTMLTest.m */,
			);
			name = UnitTest;
			sourceTree = "<group>";
		};
		A7342FF412DC341000044B3C /* NSAttributedString HTML Additions */ = {
			isa = PBXGroup;
			children = (
				A73BC3ED12D9F5AD00F064C6 /* NSAttributedString+HTML.h */,
				A73BC3EE12D9F5AD00F064C6 /* NSAttributedString+HTML.m */,
				A73BC5E812DA1B5200F064C6 /* NSString+HTML.h */,
				A73BC5E912DA1B5200F064C6 /* NSString+HTML.m */,
				A73BC60F12DA1D1D00F064C6 /* UIColor+HTML.h */,
				A73BC61012DA1D1D00F064C6 /* UIColor+HTML.m */,
				A76E5A2F12DD862000711782 /* NSScanner+HTML.h */,
				A76E5A3012DD862000711782 /* NSScanner+HTML.m */,
			);
			name = "NSAttributedString HTML Additions";
			sourceTree = "<group>";
		};
		A7342FF512DC343B00044B3C /* Demo */ = {
			isa = PBXGroup;
			children = (
				1D3623240D0F684500981E51 /* CoreTextExtensionsAppDelegate.h */,
				1D3623250D0F684500981E51 /* CoreTextExtensionsAppDelegate.m */,
				28D7ACF60DDB3853001CB0EB /* CoreTextExtensionsViewController.h */,
				28D7ACF70DDB3853001CB0EB /* CoreTextExtensionsViewController.m */,
				A734320412DC501400044B3C /* README.html */,
			);
			name = Demo;
			sourceTree = "<group>";
		};
		A76E5CBA12DDAA6300711782 /* UI */ = {
			isa = PBXGroup;
			children = (
				A76E5BD712DD9FEB00711782 /* DTAttributedTextView.h */,
				A76E5BD812DD9FEB00711782 /* DTAttributedTextView.m */,
				A73BC48C12DA078100F064C6 /* DTAttributedTextContentView.h */,
				A73BC48D12DA078100F064C6 /* DTAttributedTextContentView.m */,
			);
			name = UI;
			sourceTree = "<group>";
		};
/* End PBXGroup section */

/* Begin PBXNativeTarget section */
		1D6058900D05DD3D006BFB54 /* CoreTextExtensions */ = {
			isa = PBXNativeTarget;
			buildConfigurationList = 1D6058960D05DD3E006BFB54 /* Build configuration list for PBXNativeTarget "CoreTextExtensions" */;
			buildPhases = (
				1D60588D0D05DD3D006BFB54 /* Resources */,
				1D60588E0D05DD3D006BFB54 /* Sources */,
				1D60588F0D05DD3D006BFB54 /* Frameworks */,
			);
			buildRules = (
			);
			dependencies = (
			);
			name = CoreTextExtensions;
			productName = CoreTextExtensions;
			productReference = 1D6058910D05DD3D006BFB54 /* CoreTextExtensions.app */;
			productType = "com.apple.product-type.application";
		};
		6A5A32BF12DD108D0019AAF1 /* UnitTest */ = {
			isa = PBXNativeTarget;
			buildConfigurationList = 6A5A32C412DD108D0019AAF1 /* Build configuration list for PBXNativeTarget "UnitTest" */;
			buildPhases = (
				6A5A32BB12DD108D0019AAF1 /* Resources */,
				6A5A32BC12DD108D0019AAF1 /* Sources */,
				6A5A32BD12DD108D0019AAF1 /* Frameworks */,
				6A5A32BE12DD108D0019AAF1 /* ShellScript */,
			);
			buildRules = (
			);
			dependencies = (
			);
			name = UnitTest;
			productName = UnitTest;
			productReference = 6A5A32C012DD108D0019AAF1 /* UnitTest.octest */;
			productType = "com.apple.product-type.bundle";
		};
/* End PBXNativeTarget section */

/* Begin PBXProject section */
		29B97313FDCFA39411CA2CEA /* Project object */ = {
			isa = PBXProject;
			attributes = {
				ORGANIZATIONNAME = Drobnik.com;
			};
			buildConfigurationList = C01FCF4E08A954540054247B /* Build configuration list for PBXProject "CoreTextExtensions" */;
			compatibilityVersion = "Xcode 3.1";
			developmentRegion = English;
			hasScannedForEncodings = 1;
			knownRegions = (
				English,
				Japanese,
				French,
				German,
			);
			mainGroup = 29B97314FDCFA39411CA2CEA /* CustomTemplate */;
			projectDirPath = "";
			projectRoot = "";
			targets = (
				6A5A32BF12DD108D0019AAF1 /* UnitTest */,
				1D6058900D05DD3D006BFB54 /* CoreTextExtensions */,
			);
		};
/* End PBXProject section */

/* Begin PBXResourcesBuildPhase section */
		1D60588D0D05DD3D006BFB54 /* Resources */ = {
			isa = PBXResourcesBuildPhase;
			buildActionMask = 2147483647;
			files = (
				A734320512DC501400044B3C /* README.html in Resources */,
			);
			runOnlyForDeploymentPostprocessing = 0;
		};
		6A5A32BB12DD108D0019AAF1 /* Resources */ = {
			isa = PBXResourcesBuildPhase;
			buildActionMask = 2147483647;
			files = (
			);
			runOnlyForDeploymentPostprocessing = 0;
		};
/* End PBXResourcesBuildPhase section */

/* Begin PBXShellScriptBuildPhase section */
		6A5A32BE12DD108D0019AAF1 /* ShellScript */ = {
			isa = PBXShellScriptBuildPhase;
			buildActionMask = 2147483647;
			files = (
			);
			inputPaths = (
			);
			outputPaths = (
			);
			runOnlyForDeploymentPostprocessing = 0;
			shellPath = /bin/sh;
			shellScript = "# Run the unit tests in this test bundle.\n\"${SYSTEM_DEVELOPER_DIR}/Tools/RunUnitTests\"\n";
		};
/* End PBXShellScriptBuildPhase section */

/* Begin PBXSourcesBuildPhase section */
		1D60588E0D05DD3D006BFB54 /* Sources */ = {
			isa = PBXSourcesBuildPhase;
			buildActionMask = 2147483647;
			files = (
				1D60589B0D05DD56006BFB54 /* main.m in Sources */,
				1D3623260D0F684500981E51 /* CoreTextExtensionsAppDelegate.m in Sources */,
				28D7ACF80DDB3853001CB0EB /* CoreTextExtensionsViewController.m in Sources */,
				A73BC3EF12D9F5AD00F064C6 /* NSAttributedString+HTML.m in Sources */,
				A73BC48E12DA078100F064C6 /* DTAttributedTextContentView.m in Sources */,
				A73BC5EA12DA1B5200F064C6 /* NSString+HTML.m in Sources */,
				A73BC61112DA1D1D00F064C6 /* UIColor+HTML.m in Sources */,
				A76E5A3112DD862000711782 /* NSScanner+HTML.m in Sources */,
				A76E5BD912DD9FEB00711782 /* DTAttributedTextView.m in Sources */,
			);
			runOnlyForDeploymentPostprocessing = 0;
		};
		6A5A32BC12DD108D0019AAF1 /* Sources */ = {
			isa = PBXSourcesBuildPhase;
			buildActionMask = 2147483647;
			files = (
				6A5A32C712DD10BB0019AAF1 /* UIColorHTMLTest.m in Sources */,
				6A5A32C912DD113D0019AAF1 /* UIColor+HTML.m in Sources */,
				6A5A32CA12DD11460019AAF1 /* NSString+HTML.m in Sources */,
				6A5A32CD12DD11740019AAF1 /* NSAttributedStringHTMLTest.m in Sources */,
				6A5A32D012DD11960019AAF1 /* NSStringHTMLTest.m in Sources */,
				6A5A32D912DD12260019AAF1 /* NSAttributedString+HTML.m in Sources */,
				A76E5A3212DD862000711782 /* NSScanner+HTML.m in Sources */,
				A76E5BDA12DD9FEB00711782 /* DTAttributedTextView.m in Sources */,
				B2B440C712E030DF00497B74 /* DTAttributedTextContentView.m in Sources */,
			);
			runOnlyForDeploymentPostprocessing = 0;
		};
/* End PBXSourcesBuildPhase section */

/* Begin XCBuildConfiguration section */
		1D6058940D05DD3E006BFB54 /* Debug */ = {
			isa = XCBuildConfiguration;
			buildSettings = {
				ALWAYS_SEARCH_USER_PATHS = NO;
				COPY_PHASE_STRIP = NO;
				GCC_DYNAMIC_NO_PIC = NO;
				GCC_OPTIMIZATION_LEVEL = 0;
				GCC_PRECOMPILE_PREFIX_HEADER = YES;
				GCC_PREFIX_HEADER = CoreTextExtensions_Prefix.pch;
				INFOPLIST_FILE = "CoreTextExtensions-Info.plist";
				PRODUCT_NAME = CoreTextExtensions;
			};
			name = Debug;
		};
		1D6058950D05DD3E006BFB54 /* Release */ = {
			isa = XCBuildConfiguration;
			buildSettings = {
				ALWAYS_SEARCH_USER_PATHS = NO;
				COPY_PHASE_STRIP = YES;
				GCC_PRECOMPILE_PREFIX_HEADER = YES;
				GCC_PREFIX_HEADER = CoreTextExtensions_Prefix.pch;
				INFOPLIST_FILE = "CoreTextExtensions-Info.plist";
				PRODUCT_NAME = CoreTextExtensions;
				VALIDATE_PRODUCT = YES;
			};
			name = Release;
		};
		6A5A32C212DD108D0019AAF1 /* Debug */ = {
			isa = XCBuildConfiguration;
			buildSettings = {
				ALWAYS_SEARCH_USER_PATHS = NO;
				"CODE_SIGN_IDENTITY[sdk=iphoneos*]" = "";
				COPY_PHASE_STRIP = NO;
				FRAMEWORK_SEARCH_PATHS = (
					"\"$(SDKROOT)/Developer/Library/Frameworks\"",
					"\"$(DEVELOPER_LIBRARY_DIR)/Frameworks\"",
				);
				GCC_DYNAMIC_NO_PIC = NO;
				GCC_ENABLE_FIX_AND_CONTINUE = NO;
				GCC_ENABLE_OBJC_EXCEPTIONS = YES;
				GCC_OPTIMIZATION_LEVEL = 0;
				GCC_PRECOMPILE_PREFIX_HEADER = YES;
				GCC_PREFIX_HEADER = CoreTextExtensionsUnitTest_Prefix.pch;
				INFOPLIST_FILE = "UnitTest-Info.plist";
				ONLY_ACTIVE_ARCH = YES;
				OTHER_LDFLAGS = (
					"-framework",
					Foundation,
					"-framework",
					SenTestingKit,
					"-framework",
					UIKit,
				);
				PREBINDING = NO;
				PRODUCT_NAME = UnitTest;
				SDKROOT = iphoneos;
				WRAPPER_EXTENSION = octest;
			};
			name = Debug;
		};
		6A5A32C312DD108D0019AAF1 /* Release */ = {
			isa = XCBuildConfiguration;
			buildSettings = {
				ALWAYS_SEARCH_USER_PATHS = NO;
				"CODE_SIGN_IDENTITY[sdk=iphoneos*]" = "";
				COPY_PHASE_STRIP = YES;
				DEBUG_INFORMATION_FORMAT = "dwarf-with-dsym";
				FRAMEWORK_SEARCH_PATHS = (
					"\"$(SDKROOT)/Developer/Library/Frameworks\"",
					"\"$(DEVELOPER_LIBRARY_DIR)/Frameworks\"",
				);
				GCC_ENABLE_FIX_AND_CONTINUE = NO;
				GCC_ENABLE_OBJC_EXCEPTIONS = YES;
				GCC_PRECOMPILE_PREFIX_HEADER = YES;
				GCC_PREFIX_HEADER = CoreTextExtensionsUnitTest_Prefix.pch;
				INFOPLIST_FILE = "UnitTest-Info.plist";
				OTHER_LDFLAGS = (
					"-framework",
					Foundation,
					"-framework",
					SenTestingKit,
					"-framework",
					UIKit,
				);
				PREBINDING = NO;
				PRODUCT_NAME = UnitTest;
				SDKROOT = iphoneos;
				WRAPPER_EXTENSION = octest;
				ZERO_LINK = NO;
			};
			name = Release;
		};
		C01FCF4F08A954540054247B /* Debug */ = {
			isa = XCBuildConfiguration;
			buildSettings = {
				ARCHS = "$(ARCHS_STANDARD_32_BIT)";
				"CODE_SIGN_IDENTITY[sdk=iphoneos*]" = "iPhone Developer";
				GCC_C_LANGUAGE_STANDARD = c99;
				GCC_WARN_ABOUT_RETURN_TYPE = YES;
				GCC_WARN_UNUSED_VARIABLE = YES;
				PREBINDING = NO;
				SDKROOT = iphoneos;
			};
			name = Debug;
		};
		C01FCF5008A954540054247B /* Release */ = {
			isa = XCBuildConfiguration;
			buildSettings = {
				ARCHS = "$(ARCHS_STANDARD_32_BIT)";
				"CODE_SIGN_IDENTITY[sdk=iphoneos*]" = "iPhone Developer";
				GCC_C_LANGUAGE_STANDARD = c99;
				GCC_WARN_ABOUT_RETURN_TYPE = YES;
				GCC_WARN_UNUSED_VARIABLE = YES;
				OTHER_CFLAGS = "-DNS_BLOCK_ASSERTIONS=1";
				PREBINDING = NO;
				SDKROOT = iphoneos;
			};
			name = Release;
		};
/* End XCBuildConfiguration section */

/* Begin XCConfigurationList section */
		1D6058960D05DD3E006BFB54 /* Build configuration list for PBXNativeTarget "CoreTextExtensions" */ = {
			isa = XCConfigurationList;
			buildConfigurations = (
				1D6058940D05DD3E006BFB54 /* Debug */,
				1D6058950D05DD3E006BFB54 /* Release */,
			);
			defaultConfigurationIsVisible = 0;
			defaultConfigurationName = Release;
		};
		6A5A32C412DD108D0019AAF1 /* Build configuration list for PBXNativeTarget "UnitTest" */ = {
			isa = XCConfigurationList;
			buildConfigurations = (
				6A5A32C212DD108D0019AAF1 /* Debug */,
				6A5A32C312DD108D0019AAF1 /* Release */,
			);
			defaultConfigurationIsVisible = 0;
			defaultConfigurationName = Release;
		};
		C01FCF4E08A954540054247B /* Build configuration list for PBXProject "CoreTextExtensions" */ = {
			isa = XCConfigurationList;
			buildConfigurations = (
				C01FCF4F08A954540054247B /* Debug */,
				C01FCF5008A954540054247B /* Release */,
			);
			defaultConfigurationIsVisible = 0;
			defaultConfigurationName = Release;
		};
/* End XCConfigurationList section */
	};
	rootObject = 29B97313FDCFA39411CA2CEA /* Project object */;
}
